#MicroXplorer Configuration settings - do not modify
ADC1.Channel-0\#ChannelRegularConversion=ADC_CHANNEL_10
ADC1.Channel-1\#ChannelRegularConversion=ADC_CHANNEL_3
ADC1.Channel-2\#ChannelRegularConversion=ADC_CHANNEL_5
ADC1.Channel-3\#ChannelRegularConversion=ADC_CHANNEL_6
ADC1.Channel-4\#ChannelRegularConversion=ADC_CHANNEL_9
ADC1.Channel-5\#ChannelRegularConversion=ADC_CHANNEL_10
ADC1.Channel-6\#ChannelRegularConversion=ADC_CHANNEL_18
ADC1.ClockPrescaler=ADC_CLOCK_ASYNC_DIV12
ADC1.ContinuousConvMode=ENABLE
ADC1.ConversionDataManagement=ADC_CONVERSIONDATA_DMA_CIRCULAR
ADC1.EOCSelection=ADC_EOC_SEQ_CONV
ADC1.IPParameters=Rank-0\#ChannelRegularConversion,Channel-0\#ChannelRegularConversion,SamplingTime-0\#ChannelRegularConversion,OffsetNumber-0\#ChannelRegularConversion,OffsetSign-0\#ChannelRegularConversion,NbrOfConversionFlag,master,ClockPrescaler,Rank-1\#ChannelRegularConversion,Channel-1\#ChannelRegularConversion,SamplingTime-1\#ChannelRegularConversion,OffsetNumber-1\#ChannelRegularConversion,OffsetSign-1\#ChannelRegularConversion,Rank-2\#ChannelRegularConversion,Channel-2\#ChannelRegularConversion,SamplingTime-2\#ChannelRegularConversion,OffsetNumber-2\#ChannelRegularConversion,OffsetSign-2\#ChannelRegularConversion,Rank-3\#ChannelRegularConversion,Channel-3\#ChannelRegularConversion,SamplingTime-3\#ChannelRegularConversion,OffsetNumber-3\#ChannelRegularConversion,OffsetSign-3\#ChannelRegularConversion,Rank-4\#ChannelRegularConversion,Channel-4\#ChannelRegularConversion,SamplingTime-4\#ChannelRegularConversion,OffsetNumber-4\#ChannelRegularConversion,OffsetSign-4\#ChannelRegularConversion,Rank-5\#ChannelRegularConversion,Channel-5\#ChannelRegularConversion,SamplingTime-5\#ChannelRegularConversion,OffsetNumber-5\#ChannelRegularConversion,OffsetSign-5\#ChannelRegularConversion,Rank-6\#ChannelRegularConversion,Channel-6\#ChannelRegularConversion,SamplingTime-6\#ChannelRegularConversion,OffsetNumber-6\#ChannelRegularConversion,OffsetSign-6\#ChannelRegularConversion,NbrOfConversion,ContinuousConvMode,EOCSelection,ConversionDataManagement
ADC1.NbrOfConversion=7
ADC1.NbrOfConversionFlag=1
ADC1.OffsetNumber-0\#ChannelRegularConversion=ADC_OFFSET_NONE
ADC1.OffsetNumber-1\#ChannelRegularConversion=ADC_OFFSET_NONE
ADC1.OffsetNumber-2\#ChannelRegularConversion=ADC_OFFSET_NONE
ADC1.OffsetNumber-3\#ChannelRegularConversion=ADC_OFFSET_NONE
ADC1.OffsetNumber-4\#ChannelRegularConversion=ADC_OFFSET_NONE
ADC1.OffsetNumber-5\#ChannelRegularConversion=ADC_OFFSET_NONE
ADC1.OffsetNumber-6\#ChannelRegularConversion=ADC_OFFSET_NONE
ADC1.OffsetSign-0\#ChannelRegularConversion=ADC_OFFSET_SIGN_NEGATIVE
ADC1.OffsetSign-1\#ChannelRegularConversion=ADC_OFFSET_SIGN_NEGATIVE
ADC1.OffsetSign-2\#ChannelRegularConversion=ADC_OFFSET_SIGN_NEGATIVE
ADC1.OffsetSign-3\#ChannelRegularConversion=ADC_OFFSET_SIGN_NEGATIVE
ADC1.OffsetSign-4\#ChannelRegularConversion=ADC_OFFSET_SIGN_NEGATIVE
ADC1.OffsetSign-5\#ChannelRegularConversion=ADC_OFFSET_SIGN_NEGATIVE
ADC1.OffsetSign-6\#ChannelRegularConversion=ADC_OFFSET_SIGN_NEGATIVE
ADC1.Rank-0\#ChannelRegularConversion=1
ADC1.Rank-1\#ChannelRegularConversion=2
ADC1.Rank-2\#ChannelRegularConversion=3
ADC1.Rank-3\#ChannelRegularConversion=4
ADC1.Rank-4\#ChannelRegularConversion=5
ADC1.Rank-5\#ChannelRegularConversion=6
ADC1.Rank-6\#ChannelRegularConversion=7
ADC1.SamplingTime-0\#ChannelRegularConversion=ADC_SAMPLETIME_92CYCLES_5
ADC1.SamplingTime-1\#ChannelRegularConversion=ADC_SAMPLETIME_92CYCLES_5
ADC1.SamplingTime-2\#ChannelRegularConversion=ADC_SAMPLETIME_92CYCLES_5
ADC1.SamplingTime-3\#ChannelRegularConversion=ADC_SAMPLETIME_92CYCLES_5
ADC1.SamplingTime-4\#ChannelRegularConversion=ADC_SAMPLETIME_92CYCLES_5
ADC1.SamplingTime-5\#ChannelRegularConversion=ADC_SAMPLETIME_92CYCLES_5
ADC1.SamplingTime-6\#ChannelRegularConversion=ADC_SAMPLETIME_92CYCLES_5
ADC1.master=1
ADC2.Channel-0\#ChannelRegularConversion=ADC_CHANNEL_1
ADC2.Channel-1\#ChannelRegularConversion=ADC_CHANNEL_2
ADC2.Channel-2\#ChannelRegularConversion=ADC_CHANNEL_6
ADC2.Channel-3\#ChannelRegularConversion=ADC_CHANNEL_12
ADC2.Channel-4\#ChannelRegularConversion=ADC_CHANNEL_13
ADC2.Channel-5\#ChannelRegularConversion=ADC_CHANNEL_15
ADC2.Channel-6\#ChannelRegularConversion=ADC_CHANNEL_18
ADC2.ClockPrescaler=ADC_CLOCK_ASYNC_DIV12
ADC2.ContinuousConvMode=ENABLE
ADC2.ConversionDataManagement=ADC_CONVERSIONDATA_DMA_CIRCULAR
ADC2.EOCSelection=ADC_EOC_SEQ_CONV
ADC2.IPParameters=Rank-0\#ChannelRegularConversion,Channel-0\#ChannelRegularConversion,SamplingTime-0\#ChannelRegularConversion,OffsetNumber-0\#ChannelRegularConversion,OffsetSign-0\#ChannelRegularConversion,NbrOfConversionFlag,ClockPrescaler,ContinuousConvMode,Rank-1\#ChannelRegularConversion,Channel-1\#ChannelRegularConversion,SamplingTime-1\#ChannelRegularConversion,OffsetNumber-1\#ChannelRegularConversion,OffsetSign-1\#ChannelRegularConversion,Rank-2\#ChannelRegularConversion,Channel-2\#ChannelRegularConversion,SamplingTime-2\#ChannelRegularConversion,OffsetNumber-2\#ChannelRegularConversion,OffsetSign-2\#ChannelRegularConversion,Rank-3\#ChannelRegularConversion,Channel-3\#ChannelRegularConversion,SamplingTime-3\#ChannelRegularConversion,OffsetNumber-3\#ChannelRegularConversion,OffsetSign-3\#ChannelRegularConversion,Rank-4\#ChannelRegularConversion,Channel-4\#ChannelRegularConversion,SamplingTime-4\#ChannelRegularConversion,OffsetNumber-4\#ChannelRegularConversion,OffsetSign-4\#ChannelRegularConversion,Rank-5\#ChannelRegularConversion,Channel-5\#ChannelRegularConversion,SamplingTime-5\#ChannelRegularConversion,OffsetNumber-5\#ChannelRegularConversion,OffsetSign-5\#ChannelRegularConversion,Rank-6\#ChannelRegularConversion,Channel-6\#ChannelRegularConversion,SamplingTime-6\#ChannelRegularConversion,OffsetNumber-6\#ChannelRegularConversion,OffsetSign-6\#ChannelRegularConversion,NbrOfConversion,EOCSelection,ConversionDataManagement
ADC2.NbrOfConversion=7
ADC2.NbrOfConversionFlag=1
ADC2.OffsetNumber-0\#ChannelRegularConversion=ADC_OFFSET_NONE
ADC2.OffsetNumber-1\#ChannelRegularConversion=ADC_OFFSET_NONE
ADC2.OffsetNumber-2\#ChannelRegularConversion=ADC_OFFSET_NONE
ADC2.OffsetNumber-3\#ChannelRegularConversion=ADC_OFFSET_NONE
ADC2.OffsetNumber-4\#ChannelRegularConversion=ADC_OFFSET_NONE
ADC2.OffsetNumber-5\#ChannelRegularConversion=ADC_OFFSET_NONE
ADC2.OffsetNumber-6\#ChannelRegularConversion=ADC_OFFSET_NONE
ADC2.OffsetSign-0\#ChannelRegularConversion=ADC_OFFSET_SIGN_NEGATIVE
ADC2.OffsetSign-1\#ChannelRegularConversion=ADC_OFFSET_SIGN_NEGATIVE
ADC2.OffsetSign-2\#ChannelRegularConversion=ADC_OFFSET_SIGN_NEGATIVE
ADC2.OffsetSign-3\#ChannelRegularConversion=ADC_OFFSET_SIGN_NEGATIVE
ADC2.OffsetSign-4\#ChannelRegularConversion=ADC_OFFSET_SIGN_NEGATIVE
ADC2.OffsetSign-5\#ChannelRegularConversion=ADC_OFFSET_SIGN_NEGATIVE
ADC2.OffsetSign-6\#ChannelRegularConversion=ADC_OFFSET_SIGN_NEGATIVE
ADC2.Rank-0\#ChannelRegularConversion=1
ADC2.Rank-1\#ChannelRegularConversion=2
ADC2.Rank-2\#ChannelRegularConversion=3
ADC2.Rank-3\#ChannelRegularConversion=4
ADC2.Rank-4\#ChannelRegularConversion=5
ADC2.Rank-5\#ChannelRegularConversion=6
ADC2.Rank-6\#ChannelRegularConversion=7
ADC2.SamplingTime-0\#ChannelRegularConversion=ADC_SAMPLETIME_92CYCLES_5
ADC2.SamplingTime-1\#ChannelRegularConversion=ADC_SAMPLETIME_92CYCLES_5
ADC2.SamplingTime-2\#ChannelRegularConversion=ADC_SAMPLETIME_92CYCLES_5
ADC2.SamplingTime-3\#ChannelRegularConversion=ADC_SAMPLETIME_92CYCLES_5
ADC2.SamplingTime-4\#ChannelRegularConversion=ADC_SAMPLETIME_92CYCLES_5
ADC2.SamplingTime-5\#ChannelRegularConversion=ADC_SAMPLETIME_92CYCLES_5
ADC2.SamplingTime-6\#ChannelRegularConversion=ADC_SAMPLETIME_92CYCLES_5
Appli.IPs=GPDMA1\:I,HPDMA1\:I,LINKEDLIST\:I,GPIO,NVIC2\:I,RCC,CORTEX_M7_APPLI\:I,NUCLEO-H7S3L8,IWDG,SYS,ETH,LWIP,FREERTOS\:I,VREFBUF\:I,ADC1,ADC2,TIM1,TIM6,RTC,TAMP,SPI2,SPI1,UART4,UART5,UART7,I2C2,I2C3,CRYP\:I,MCE1\:I,CORDIC,SBS,USART1,UART8,UCPD1,USBPD,TIM7,TIM14,CRC
BSP_IP_NAME=NUCLEO-H7S3L8
Boot.IPs=GPDMA1,HPDMA1,LINKEDLIST,RCC\:I,GPIO,NVIC1\:I,CORTEX_M7_BOOT\:I,XSPI2,SBS,EXTMEM_MANAGER\:I,NUCLEO-H7S3L8,SYS,MEMORYMAP\:I
CAD.formats=
CAD.pinconfig=
CAD.provider=
CORTEX_M7_APPLI.AccessPermission_S-Cortex_Memory_Protection_Unit_Region1_Settings_S=MPU_REGION_FULL_ACCESS
CORTEX_M7_APPLI.AccessPermission_S-Cortex_Memory_Protection_Unit_Region2_Settings_S=MPU_REGION_PRIV_RO
CORTEX_M7_APPLI.AccessPermission_S-Cortex_Memory_Protection_Unit_Region3_Settings_S=MPU_REGION_FULL_ACCESS
CORTEX_M7_APPLI.AccessPermission_S-Cortex_Memory_Protection_Unit_Region4_Settings_S=MPU_REGION_FULL_ACCESS
CORTEX_M7_APPLI.AccessPermission_S-Cortex_Memory_Protection_Unit_Region5_Settings_S=MPU_REGION_FULL_ACCESS
CORTEX_M7_APPLI.BaseAddress_S-Cortex_Memory_Protection_Unit_Region1_Settings_S=0x30000000
CORTEX_M7_APPLI.BaseAddress_S-Cortex_Memory_Protection_Unit_Region2_Settings_S=0x70000000
CORTEX_M7_APPLI.BaseAddress_S-Cortex_Memory_Protection_Unit_Region3_Settings_S=0x24020000
CORTEX_M7_APPLI.BaseAddress_S-Cortex_Memory_Protection_Unit_Region4_Settings_S=0x24040000
CORTEX_M7_APPLI.BaseAddress_S-Cortex_Memory_Protection_Unit_Region5_Settings_S=0x24020000
CORTEX_M7_APPLI.CPU_DCache=Enabled
CORTEX_M7_APPLI.CPU_ICache=Enabled
CORTEX_M7_APPLI.Enable_S-Cortex_Memory_Protection_Unit_Region1_Settings_S=MPU_REGION_ENABLE
CORTEX_M7_APPLI.Enable_S-Cortex_Memory_Protection_Unit_Region2_Settings_S=MPU_REGION_ENABLE
CORTEX_M7_APPLI.Enable_S-Cortex_Memory_Protection_Unit_Region3_Settings_S=MPU_REGION_ENABLE
CORTEX_M7_APPLI.Enable_S-Cortex_Memory_Protection_Unit_Region4_Settings_S=MPU_REGION_ENABLE
CORTEX_M7_APPLI.Enable_S-Cortex_Memory_Protection_Unit_Region5_Settings_S=MPU_REGION_ENABLE
CORTEX_M7_APPLI.IPParameters=CPU_ICache,CPU_DCache,default_mode_Activation,BaseAddress_S-Cortex_Memory_Protection_Unit_Region1_Settings_S,Size_S-Cortex_Memory_Protection_Unit_Region1_Settings_S,AccessPermission_S-Cortex_Memory_Protection_Unit_Region1_Settings_S,TypeExtField_S-Cortex_Memory_Protection_Unit_Region1_Settings_S,Enable_S-Cortex_Memory_Protection_Unit_Region1_Settings_S,Number_S-Cortex_Memory_Protection_Unit_Region2_Settings_S,Number_S-Cortex_Memory_Protection_Unit_Region3_Settings_S,Number_S-Cortex_Memory_Protection_Unit_Region4_Settings_S,Number_S-Cortex_Memory_Protection_Unit_Region5_Settings_S,Number_S-Cortex_Memory_Protection_Unit_Region6_Settings_S,Number_S-Cortex_Memory_Protection_Unit_Region7_Settings_S,Number_S-Cortex_Memory_Protection_Unit_Region8_Settings_S,Number_S-Cortex_Memory_Protection_Unit_Region9_Settings_S,Number_S-Cortex_Memory_Protection_Unit_Region10_Settings_S,Number_S-Cortex_Memory_Protection_Unit_Region11_Settings_S,Enable_S-Cortex_Memory_Protection_Unit_Region2_Settings_S,BaseAddress_S-Cortex_Memory_Protection_Unit_Region2_Settings_S,Size_S-Cortex_Memory_Protection_Unit_Region2_Settings_S,AccessPermission_S-Cortex_Memory_Protection_Unit_Region2_Settings_S,TypeExtField_S-Cortex_Memory_Protection_Unit_Region2_Settings_S,IsShareable_S-Cortex_Memory_Protection_Unit_Region1_Settings_S,Number_S-Cortex_Memory_Protection_Unit_Region12_Settings_S,IsCacheable_S-Cortex_Memory_Protection_Unit_Region2_Settings_S,Enable_S-Cortex_Memory_Protection_Unit_Region3_Settings_S,BaseAddress_S-Cortex_Memory_Protection_Unit_Region3_Settings_S,Size_S-Cortex_Memory_Protection_Unit_Region3_Settings_S,AccessPermission_S-Cortex_Memory_Protection_Unit_Region3_Settings_S,IsCacheable_S-Cortex_Memory_Protection_Unit_Region3_Settings_S,Enable_S-Cortex_Memory_Protection_Unit_Region4_Settings_S,BaseAddress_S-Cortex_Memory_Protection_Unit_Region4_Settings_S,Size_S-Cortex_Memory_Protection_Unit_Region4_Settings_S,TypeExtField_S-Cortex_Memory_Protection_Unit_Region4_Settings_S,AccessPermission_S-Cortex_Memory_Protection_Unit_Region4_Settings_S,IsCacheable_S-Cortex_Memory_Protection_Unit_Region4_Settings_S,Enable_S-Cortex_Memory_Protection_Unit_Region5_Settings_S,BaseAddress_S-Cortex_Memory_Protection_Unit_Region5_Settings_S,Size_S-Cortex_Memory_Protection_Unit_Region5_Settings_S,IsCacheable_S-Cortex_Memory_Protection_Unit_Region5_Settings_S,AccessPermission_S-Cortex_Memory_Protection_Unit_Region5_Settings_S
CORTEX_M7_APPLI.IsCacheable_S-Cortex_Memory_Protection_Unit_Region2_Settings_S=MPU_ACCESS_CACHEABLE
CORTEX_M7_APPLI.IsCacheable_S-Cortex_Memory_Protection_Unit_Region3_Settings_S=MPU_ACCESS_CACHEABLE
CORTEX_M7_APPLI.IsCacheable_S-Cortex_Memory_Protection_Unit_Region4_Settings_S=MPU_ACCESS_CACHEABLE
CORTEX_M7_APPLI.IsCacheable_S-Cortex_Memory_Protection_Unit_Region5_Settings_S=MPU_ACCESS_CACHEABLE
CORTEX_M7_APPLI.IsShareable_S-Cortex_Memory_Protection_Unit_Region1_Settings_S=MPU_ACCESS_SHAREABLE
CORTEX_M7_APPLI.Number_S-Cortex_Memory_Protection_Unit_Region10_Settings_S=MPU_REGION_NUMBER10
CORTEX_M7_APPLI.Number_S-Cortex_Memory_Protection_Unit_Region11_Settings_S=MPU_REGION_NUMBER11
CORTEX_M7_APPLI.Number_S-Cortex_Memory_Protection_Unit_Region12_Settings_S=MPU_REGION_NUMBER12
CORTEX_M7_APPLI.Number_S-Cortex_Memory_Protection_Unit_Region2_Settings_S=MPU_REGION_NUMBER2
CORTEX_M7_APPLI.Number_S-Cortex_Memory_Protection_Unit_Region3_Settings_S=MPU_REGION_NUMBER3
CORTEX_M7_APPLI.Number_S-Cortex_Memory_Protection_Unit_Region4_Settings_S=MPU_REGION_NUMBER4
CORTEX_M7_APPLI.Number_S-Cortex_Memory_Protection_Unit_Region5_Settings_S=MPU_REGION_NUMBER5
CORTEX_M7_APPLI.Number_S-Cortex_Memory_Protection_Unit_Region6_Settings_S=MPU_REGION_NUMBER6
CORTEX_M7_APPLI.Number_S-Cortex_Memory_Protection_Unit_Region7_Settings_S=MPU_REGION_NUMBER7
CORTEX_M7_APPLI.Number_S-Cortex_Memory_Protection_Unit_Region8_Settings_S=MPU_REGION_NUMBER8
CORTEX_M7_APPLI.Number_S-Cortex_Memory_Protection_Unit_Region9_Settings_S=MPU_REGION_NUMBER9
CORTEX_M7_APPLI.Size_S-Cortex_Memory_Protection_Unit_Region1_Settings_S=MPU_REGION_SIZE_32KB
CORTEX_M7_APPLI.Size_S-Cortex_Memory_Protection_Unit_Region2_Settings_S=MPU_REGION_SIZE_256MB
CORTEX_M7_APPLI.Size_S-Cortex_Memory_Protection_Unit_Region3_Settings_S=MPU_REGION_SIZE_16KB
CORTEX_M7_APPLI.Size_S-Cortex_Memory_Protection_Unit_Region4_Settings_S=MPU_REGION_SIZE_16KB
CORTEX_M7_APPLI.Size_S-Cortex_Memory_Protection_Unit_Region5_Settings_S=MPU_REGION_SIZE_256B
CORTEX_M7_APPLI.TypeExtField_S-Cortex_Memory_Protection_Unit_Region1_Settings_S=MPU_TEX_LEVEL1
CORTEX_M7_APPLI.TypeExtField_S-Cortex_Memory_Protection_Unit_Region2_Settings_S=MPU_TEX_LEVEL1
CORTEX_M7_APPLI.TypeExtField_S-Cortex_Memory_Protection_Unit_Region4_Settings_S=MPU_TEX_LEVEL1
CORTEX_M7_APPLI.default_mode_Activation=1
CORTEX_M7_BOOT.AccessPermission_S-Cortex_Memory_Protection_Unit_Region1_Settings_S=MPU_REGION_PRIV_RO
CORTEX_M7_BOOT.BaseAddress_S-Cortex_Memory_Protection_Unit_Region1_Settings_S=0x08000000
CORTEX_M7_BOOT.CPU_DCache=Enabled
CORTEX_M7_BOOT.CPU_ICache=Enabled
CORTEX_M7_BOOT.Enable_S-Cortex_Memory_Protection_Unit_Region1_Settings_S=MPU_REGION_ENABLE
CORTEX_M7_BOOT.IPParameters=default_mode_Activation,CPU_ICache,CPU_DCache,Enable_S-Cortex_Memory_Protection_Unit_Region1_Settings_S,BaseAddress_S-Cortex_Memory_Protection_Unit_Region1_Settings_S,Size_S-Cortex_Memory_Protection_Unit_Region1_Settings_S,TypeExtField_S-Cortex_Memory_Protection_Unit_Region1_Settings_S,AccessPermission_S-Cortex_Memory_Protection_Unit_Region1_Settings_S,IsShareable_Spec,Number_S-Cortex_Memory_Protection_Unit_Region2_Settings_S,IsCacheable_S-Cortex_Memory_Protection_Unit_Region1_Settings_S
CORTEX_M7_BOOT.IsCacheable_S-Cortex_Memory_Protection_Unit_Region1_Settings_S=MPU_ACCESS_CACHEABLE
CORTEX_M7_BOOT.IsShareable_Spec=MPU_ACCESS_NOT_SHAREABLE
CORTEX_M7_BOOT.Number_S-Cortex_Memory_Protection_Unit_Region2_Settings_S=MPU_REGION_NUMBER2
CORTEX_M7_BOOT.Size_S-Cortex_Memory_Protection_Unit_Region1_Settings_S=MPU_REGION_SIZE_64KB
CORTEX_M7_BOOT.TypeExtField_S-Cortex_Memory_Protection_Unit_Region1_Settings_S=MPU_TEX_LEVEL1
CORTEX_M7_BOOT.default_mode_Activation=1
CRYP.IPParameters=KeySize
CRYP.KeySize=CRYP_KEYSIZE_256B
ETH.IPParameters=MediaInterface,RxBufferAddress,RxBuffLen
ETH.MediaInterface=HAL_ETH_RMII_MODE
ETH.RxBuffLen=1024
ETH.RxBufferAddress=0x24060000
EXTMEM_MANAGER.IPParameters=RefParam_EXTMEM_Number_of_Memory,RefParam_EXTMEM_SAL_XSPI,RefParam_EXTMEM_SFDP,RefParam_EXTMEM_PSRAM,RefParam_BOOT_enable,RefParam_MEMORY_1_Instance,RefParam_MEMORY_1_ConfigType,RefParam_SECTORS_NBR,RefParam_SECTORS_SIZE,RefParam_ELOADER_memory,RefParam_ELOADER_Target
EXTMEM_MANAGER.RefParam_BOOT_enable=true
EXTMEM_MANAGER.RefParam_ELOADER_Target=IDE
EXTMEM_MANAGER.RefParam_ELOADER_memory=EXTMEM1
EXTMEM_MANAGER.RefParam_EXTMEM_Number_of_Memory=1
EXTMEM_MANAGER.RefParam_EXTMEM_PSRAM=false
EXTMEM_MANAGER.RefParam_EXTMEM_SAL_XSPI=true
EXTMEM_MANAGER.RefParam_EXTMEM_SFDP=true
EXTMEM_MANAGER.RefParam_MEMORY_1_ConfigType=EXTMEM_LINK_CONFIG_8LINES
EXTMEM_MANAGER.RefParam_MEMORY_1_Instance=XSPI2
EXTMEM_MANAGER.RefParam_SECTORS_NBR=156
EXTMEM_MANAGER.RefParam_SECTORS_SIZE=256
ExtMemLoader.IPs=EXTMEM_LOADER\:I,EXTMEM_MANAGER,GPIO,XSPI2,SBS,GPDMA1,HPDMA1,LINKEDLIST
FREERTOS.BinarySemaphores01=EthTxCompleteSem,Dynamic,NULL,Depleted
FREERTOS.Events01=EVT_FLAG_ADC_PERIODIC,Dynamic,NULL;EVT_FLAG_PWM_READY,Dynamic,NULL;EVT_FLAG_SPI_READY,Dynamic,NULL;EVT_FLAG_UART_READY,Dynamic,NULL;EVT_FLAG_I2C_READY,Dynamic,NULL
FREERTOS.FootprintOK=false
FREERTOS.INCLUDE_pcTaskGetTaskName=1
FREERTOS.INCLUDE_uxTaskGetStackHighWaterMark2=1
FREERTOS.INCLUDE_xEventGroupSetBitFromISR=1
FREERTOS.INCLUDE_xSemaphoreGetMutexHolder=1
FREERTOS.INCLUDE_xTaskAbortDelay=1
FREERTOS.INCLUDE_xTaskGetHandle=1
FREERTOS.IPParameters=Tasks01,configENABLE_FPU,configUSE_APPLICATION_TASK_TAG,configQUEUE_REGISTRY_SIZE,configRECORD_STACK_HIGH_ADDRESS,configTOTAL_HEAP_SIZE,configUSE_STATS_FORMATTING_FUNCTIONS,configUSE_POSIX_ERRNO,INCLUDE_xSemaphoreGetMutexHolder,INCLUDE_pcTaskGetTaskName,INCLUDE_xEventGroupSetBitFromISR,INCLUDE_xTaskAbortDelay,INCLUDE_xTaskGetHandle,INCLUDE_uxTaskGetStackHighWaterMark2,FootprintOK,Queues01,Timers01,BinarySemaphores01,Mutexes01,Events01,configUSE_NEWLIB_REENTRANT,configGENERATE_RUN_TIME_STATS,configUSE_CO_ROUTINES
FREERTOS.Mutexes01=NetDiagMutex,Dynamic,NULL,Available;PacketBuildMutex,Dynamic,NULL,Available;ErrorStatsMutex,Dynamic,NULL,Available
FREERTOS.Queues01=EthTxQueue,16,uint16_t,0,Dynamic,NULL,NULL;EthRxQueue,16,uint16_t,0,Dynamic,NULL,NULL
FREERTOS.Tasks01=NetSendTask,24,4096,xNetSendTask,Default,NULL,Dynamic,NULL,NULL;AdcPeriodicTask,32,2048,xAdcPeriodicTask,Default,NULL,Dynamic,NULL,NULL;AsyncCollectorT,8,4096,xAsyncCollectorTask,Default,NULL,Dynamic,NULL,NULL;ErrorMonitorTas,8,2048,xErrorMonitorTask,Default,NULL,Dynamic,NULL,NULL;HeartbeatTask,8,512,xHeartbeatTask,Default,NULL,Dynamic,NULL,NULL
FREERTOS.Timers01=AdcPeriodicTimer,xCAdcPeriodicTimer,osTimerPeriodic,Default,NULL,Dynamic,NULL
FREERTOS.configENABLE_FPU=1
FREERTOS.configGENERATE_RUN_TIME_STATS=1
FREERTOS.configQUEUE_REGISTRY_SIZE=16
FREERTOS.configRECORD_STACK_HIGH_ADDRESS=1
FREERTOS.configTOTAL_HEAP_SIZE=57344
FREERTOS.configUSE_APPLICATION_TASK_TAG=1
FREERTOS.configUSE_CO_ROUTINES=1
FREERTOS.configUSE_NEWLIB_REENTRANT=1
FREERTOS.configUSE_POSIX_ERRNO=1
FREERTOS.configUSE_STATS_FORMATTING_FUNCTIONS=1
File.Version=6
GPDMA1.BLKHWREQUEST_GPDMACH2-SIMPLEREQUEST_GPDMACH2=DMA_BREQ_BLOCK
GPDMA1.CIRCULARMODE_GPDMACH0=ENABLE
GPDMA1.CIRCULARMODE_GPDMACH1=ENABLE
GPDMA1.CIRCULARMODE_GPDMACH2=ENABLE
GPDMA1.CIRCULARMODE_GPDMACH3=ENABLE
GPDMA1.CIRCULARMODE_GPDMACH4=ENABLE
GPDMA1.CIRCULARMODE_GPDMACH5=ENABLE
GPDMA1.CIRCULARMODE_GPDMACH6=ENABLE
GPDMA1.CIRCULARMODE_GPDMACH7=ENABLE
GPDMA1.DESTBURSTLENGTH_GPDMACH6=2
GPDMA1.DESTBURSTLENGTH_GPDMACH7=2
GPDMA1.DESTDATAWIDTH_GPDMACH0=DMA_DEST_DATAWIDTH_WORD
GPDMA1.DESTDATAWIDTH_GPDMACH2=DMA_DEST_DATAWIDTH_WORD
GPDMA1.DESTDATAWIDTH_GPDMACH3=DMA_DEST_DATAWIDTH_WORD
GPDMA1.DESTDATAWIDTH_GPDMACH4=DMA_DEST_DATAWIDTH_HALFWORD
GPDMA1.DESTDATAWIDTH_GPDMACH5=DMA_DEST_DATAWIDTH_HALFWORD
GPDMA1.DESTDATAWIDTH_GPDMACH6=DMA_DEST_DATAWIDTH_HALFWORD
GPDMA1.DESTDATAWIDTH_GPDMACH7=DMA_DEST_DATAWIDTH_HALFWORD
GPDMA1.DESTINC_GPDMACH0=DMA_DINC_INCREMENTED
GPDMA1.DESTINC_GPDMACH2=DMA_DINC_INCREMENTED
GPDMA1.DESTINC_GPDMACH3=DMA_DINC_INCREMENTED
GPDMA1.DESTINC_GPDMACH4=DMA_DINC_INCREMENTED
GPDMA1.DESTINC_GPDMACH5=DMA_DINC_INCREMENTED
GPDMA1.DESTINC_GPDMACH6=DMA_DINC_INCREMENTED
GPDMA1.DESTINC_GPDMACH7=DMA_DINC_INCREMENTED
GPDMA1.IPHANDLE_GPDMACH0-SIMPLEREQUEST_GPDMACH0=__NULL
GPDMA1.IPHANDLE_GPDMACH1-SIMPLEREQUEST_GPDMACH1=__NULL
GPDMA1.IPHANDLE_GPDMACH2-SIMPLEREQUEST_GPDMACH2=__NULL
GPDMA1.IPHANDLE_GPDMACH3-SIMPLEREQUEST_GPDMACH3=__NULL
GPDMA1.IPHANDLE_GPDMACH4-SIMPLEREQUEST_GPDMACH4=__NULL
GPDMA1.IPHANDLE_GPDMACH5-SIMPLEREQUEST_GPDMACH5=__NULL
GPDMA1.IPHANDLE_GPDMACH6-SIMPLEREQUEST_GPDMACH6=__NULL
GPDMA1.IPHANDLE_GPDMACH7-SIMPLEREQUEST_GPDMACH7=__NULL
GPDMA1.IPParameters=REQUEST_GPDMACH0,REQUEST_GPDMACH1,REQUEST_GPDMACH2,REQUEST_GPDMACH3,REQUEST_GPDMACH4,REQUEST_GPDMACH5,REQUEST_GPDMACH6,REQUEST_GPDMACH7,IPHANDLE_GPDMACH7-SIMPLEREQUEST_GPDMACH7,IPHANDLE_GPDMACH6-SIMPLEREQUEST_GPDMACH6,IPHANDLE_GPDMACH5-SIMPLEREQUEST_GPDMACH5,IPHANDLE_GPDMACH4-SIMPLEREQUEST_GPDMACH4,IPHANDLE_GPDMACH3-SIMPLEREQUEST_GPDMACH3,IPHANDLE_GPDMACH2-SIMPLEREQUEST_GPDMACH2,IPHANDLE_GPDMACH1-SIMPLEREQUEST_GPDMACH1,IPHANDLE_GPDMACH0-SIMPLEREQUEST_GPDMACH0,CIRCULARMODE_GPDMACH7,PRIORITY_LL_CIRCULAR_GPDMACH7,SRCDATAWIDTH_GPDMACH7,SRCBURSTLENGTH_GPDMACH7,DESTBURSTLENGTH_GPDMACH7,DESTINC_GPDMACH7,DESTDATAWIDTH_GPDMACH7,CIRCULARMODE_GPDMACH6,PRIORITY_LL_CIRCULAR_GPDMACH6,SRCDATAWIDTH_GPDMACH6,DESTINC_GPDMACH6,SRCBURSTLENGTH_GPDMACH6,DESTDATAWIDTH_GPDMACH6,DESTBURSTLENGTH_GPDMACH6,CIRCULARMODE_GPDMACH5,PRIORITY_LL_CIRCULAR_GPDMACH5,SRCDATAWIDTH_GPDMACH5,DESTINC_GPDMACH5,DESTDATAWIDTH_GPDMACH5,CIRCULARMODE_GPDMACH4,PRIORITY_LL_CIRCULAR_GPDMACH4,SRCDATAWIDTH_GPDMACH4,DESTDATAWIDTH_GPDMACH4,DESTINC_GPDMACH4,SRCDATAWIDTH_GPDMACH3,DESTDATAWIDTH_GPDMACH3,DESTINC_GPDMACH3,CIRCULARMODE_GPDMACH3,CIRCULARMODE_GPDMACH2,CIRCULARMODE_GPDMACH1,CIRCULARMODE_GPDMACH0,PRIORITY_LL_CIRCULAR_GPDMACH0,PRIORITY_LL_CIRCULAR_GPDMACH1,PRIORITY_LL_CIRCULAR_GPDMACH2,PRIORITY_LL_CIRCULAR_GPDMACH3,SRCDATAWIDTH_GPDMACH2,DESTINC_GPDMACH2,DESTDATAWIDTH_GPDMACH2,SRCINC_GPDMACH1,SRCDATAWIDTH_GPDMACH1,SRCINC_GPDMACH0,SRCDATAWIDTH_GPDMACH0,DESTDATAWIDTH_GPDMACH0,DESTINC_GPDMACH0,BLKHWREQUEST_GPDMACH2-SIMPLEREQUEST_GPDMACH2
GPDMA1.PRIORITY_LL_CIRCULAR_GPDMACH0=DMA_HIGH_PRIORITY
GPDMA1.PRIORITY_LL_CIRCULAR_GPDMACH1=DMA_HIGH_PRIORITY
GPDMA1.PRIORITY_LL_CIRCULAR_GPDMACH2=DMA_HIGH_PRIORITY
GPDMA1.PRIORITY_LL_CIRCULAR_GPDMACH3=DMA_HIGH_PRIORITY
GPDMA1.PRIORITY_LL_CIRCULAR_GPDMACH4=DMA_LOW_PRIORITY_MID_WEIGHT
GPDMA1.PRIORITY_LL_CIRCULAR_GPDMACH5=DMA_LOW_PRIORITY_MID_WEIGHT
GPDMA1.PRIORITY_LL_CIRCULAR_GPDMACH6=DMA_LOW_PRIORITY_MID_WEIGHT
GPDMA1.PRIORITY_LL_CIRCULAR_GPDMACH7=DMA_LOW_PRIORITY_MID_WEIGHT
GPDMA1.REQUEST_GPDMACH0=GPDMA1_REQUEST_TIM1_CH1
GPDMA1.REQUEST_GPDMACH1=GPDMA1_REQUEST_TIM1_CH2
GPDMA1.REQUEST_GPDMACH2=GPDMA1_REQUEST_TIM1_CH3
GPDMA1.REQUEST_GPDMACH3=GPDMA1_REQUEST_TIM1_CH4
GPDMA1.REQUEST_GPDMACH4=GPDMA1_REQUEST_SPI1_RX
GPDMA1.REQUEST_GPDMACH5=GPDMA1_REQUEST_SPI2_RX
GPDMA1.REQUEST_GPDMACH6=GPDMA1_REQUEST_I2C2_RX
GPDMA1.REQUEST_GPDMACH7=GPDMA1_REQUEST_I2C3_RX
GPDMA1.SRCBURSTLENGTH_GPDMACH6=2
GPDMA1.SRCBURSTLENGTH_GPDMACH7=2
GPDMA1.SRCDATAWIDTH_GPDMACH0=DMA_SRC_DATAWIDTH_WORD
GPDMA1.SRCDATAWIDTH_GPDMACH1=DMA_SRC_DATAWIDTH_WORD
GPDMA1.SRCDATAWIDTH_GPDMACH2=DMA_SRC_DATAWIDTH_WORD
GPDMA1.SRCDATAWIDTH_GPDMACH3=DMA_SRC_DATAWIDTH_WORD
GPDMA1.SRCDATAWIDTH_GPDMACH4=DMA_SRC_DATAWIDTH_HALFWORD
GPDMA1.SRCDATAWIDTH_GPDMACH5=DMA_SRC_DATAWIDTH_HALFWORD
GPDMA1.SRCDATAWIDTH_GPDMACH6=DMA_SRC_DATAWIDTH_HALFWORD
GPDMA1.SRCDATAWIDTH_GPDMACH7=DMA_SRC_DATAWIDTH_HALFWORD
GPDMA1.SRCINC_GPDMACH0=DMA_SINC_FIXED
GPDMA1.SRCINC_GPDMACH1=DMA_SINC_INCREMENTED
GPIO.groupedBy=Group By Peripherals
HPDMA1.CIRCULARMODE_HPDMACH0=ENABLE
HPDMA1.CIRCULARMODE_HPDMACH1=ENABLE
HPDMA1.CIRCULARMODE_HPDMACH2=ENABLE
HPDMA1.CIRCULARMODE_HPDMACH3=ENABLE
HPDMA1.CIRCULARMODE_HPDMACH4=ENABLE
HPDMA1.DATAALIGNEMENT_HPDMACH0=DMA_DATA_PACK
HPDMA1.DATAALIGNEMENT_HPDMACH1=DMA_DATA_PACK
HPDMA1.DATAALIGNEMENT_HPDMACH2=DMA_DATA_PACK
HPDMA1.DATAALIGNEMENT_HPDMACH3=DMA_DATA_PACK
HPDMA1.DATAALIGNEMENT_HPDMACH4=DMA_DATA_PACK
HPDMA1.DATAHANDLING_HPDMACH0=ENABLE
HPDMA1.DATAHANDLING_HPDMACH1=ENABLE
HPDMA1.DATAHANDLING_HPDMACH2=ENABLE
HPDMA1.DATAHANDLING_HPDMACH3=ENABLE
HPDMA1.DATAHANDLING_HPDMACH4=ENABLE
HPDMA1.DESTDATAWIDTH_HPDMACH0=DMA_DEST_DATAWIDTH_HALFWORD
HPDMA1.DESTDATAWIDTH_HPDMACH1=DMA_DEST_DATAWIDTH_HALFWORD
HPDMA1.DESTDATAWIDTH_HPDMACH2=DMA_DEST_DATAWIDTH_WORD
HPDMA1.DESTDATAWIDTH_HPDMACH3=DMA_DEST_DATAWIDTH_WORD
HPDMA1.DESTDATAWIDTH_HPDMACH4=DMA_DEST_DATAWIDTH_WORD
HPDMA1.DESTINC_HPDMACH0=DMA_DINC_INCREMENTED
HPDMA1.DESTINC_HPDMACH1=DMA_DINC_INCREMENTED
HPDMA1.DESTINC_HPDMACH2=DMA_DINC_INCREMENTED
HPDMA1.DESTINC_HPDMACH3=DMA_DINC_INCREMENTED
HPDMA1.DESTINC_HPDMACH4=DMA_DINC_INCREMENTED
HPDMA1.IPParameters=CIRCULARMODE_HPDMACH0,REQUEST_HPDMACH0,PRIORITY_LL_CIRCULAR_HPDMACH0,SRCDATAWIDTH_HPDMACH0,DESTINC_HPDMACH0,DESTDATAWIDTH_HPDMACH0,REQUEST_HPDMACH1,CIRCULARMODE_HPDMACH1,PRIORITY_LL_CIRCULAR_HPDMACH1,SRCDATAWIDTH_HPDMACH1,DESTINC_HPDMACH1,DESTDATAWIDTH_HPDMACH1,REQUEST_HPDMACH2,CIRCULARMODE_HPDMACH2,PRIORITY_LL_CIRCULAR_HPDMACH2,SRCDATAWIDTH_HPDMACH2,DESTINC_HPDMACH2,DESTDATAWIDTH_HPDMACH2,TRIGGERPOLARITY_HPDMACH2,TRIGGERSELECTION_HPDMACH2,CIRCULARMODE_HPDMACH3,REQUEST_HPDMACH3,CIRCULARMODE_HPDMACH4,REQUEST_HPDMACH4,PRIORITY_LL_CIRCULAR_HPDMACH4,PRIORITY_LL_CIRCULAR_HPDMACH3,SRCINC_HPDMACH3,SRCDATAWIDTH_HPDMACH3,DESTDATAWIDTH_HPDMACH3,DESTINC_HPDMACH3,TRIGGERPOLARITY_HPDMACH3,SRCINC_HPDMACH2,SRCDATAWIDTH_HPDMACH4,DESTINC_HPDMACH4,DESTDATAWIDTH_HPDMACH4,TRIGGERPOLARITY_HPDMACH4,TRIGGERSELECTION_HPDMACH4,TRIGGERSELECTION_HPDMACH3,DATAHANDLING_HPDMACH0,DATAALIGNEMENT_HPDMACH0,DATAHANDLING_HPDMACH1,DATAALIGNEMENT_HPDMACH1,DATAHANDLING_HPDMACH2,DATAALIGNEMENT_HPDMACH2,DATAHANDLING_HPDMACH3,DATAALIGNEMENT_HPDMACH3,DATAHANDLING_HPDMACH4,DATAALIGNEMENT_HPDMACH4
HPDMA1.PRIORITY_LL_CIRCULAR_HPDMACH0=DMA_LOW_PRIORITY_HIGH_WEIGHT
HPDMA1.PRIORITY_LL_CIRCULAR_HPDMACH1=DMA_LOW_PRIORITY_HIGH_WEIGHT
HPDMA1.PRIORITY_LL_CIRCULAR_HPDMACH2=DMA_LOW_PRIORITY_MID_WEIGHT
HPDMA1.PRIORITY_LL_CIRCULAR_HPDMACH3=DMA_LOW_PRIORITY_MID_WEIGHT
HPDMA1.PRIORITY_LL_CIRCULAR_HPDMACH4=DMA_LOW_PRIORITY_MID_WEIGHT
HPDMA1.REQUEST_HPDMACH0=HPDMA1_REQUEST_ADC1
HPDMA1.REQUEST_HPDMACH1=HPDMA1_REQUEST_ADC2
HPDMA1.REQUEST_HPDMACH2=HPDMA1_REQUEST_UART4_RX
HPDMA1.REQUEST_HPDMACH3=HPDMA1_REQUEST_UART5_RX
HPDMA1.REQUEST_HPDMACH4=HPDMA1_REQUEST_UART7_RX
HPDMA1.SRCDATAWIDTH_HPDMACH0=DMA_SRC_DATAWIDTH_HALFWORD
HPDMA1.SRCDATAWIDTH_HPDMACH1=DMA_SRC_DATAWIDTH_HALFWORD
HPDMA1.SRCDATAWIDTH_HPDMACH2=DMA_SRC_DATAWIDTH_WORD
HPDMA1.SRCDATAWIDTH_HPDMACH3=DMA_SRC_DATAWIDTH_WORD
HPDMA1.SRCDATAWIDTH_HPDMACH4=DMA_SRC_DATAWIDTH_WORD
HPDMA1.SRCINC_HPDMACH2=DMA_SINC_INCREMENTED
HPDMA1.SRCINC_HPDMACH3=DMA_SINC_INCREMENTED
HPDMA1.TRIGGERPOLARITY_HPDMACH2=DMA_TRIG_POLARITY_FALLING
HPDMA1.TRIGGERPOLARITY_HPDMACH3=DMA_TRIG_POLARITY_FALLING
HPDMA1.TRIGGERPOLARITY_HPDMACH4=DMA_TRIG_POLARITY_FALLING
HPDMA1.TRIGGERSELECTION_HPDMACH2=HPDMA1_TRIGGER_HPDMA1_CH2_TCF
HPDMA1.TRIGGERSELECTION_HPDMACH3=HPDMA1_TRIGGER_HPDMA1_CH3_TCF
HPDMA1.TRIGGERSELECTION_HPDMACH4=HPDMA1_TRIGGER_HPDMA1_CH4_TCF
I2C2.DualAddressMode=I2C_DUALADDRESS_ENABLE
I2C2.GeneralCallMode=I2C_GENERALCALL_ENABLE
I2C2.IPParameters=Timing,GeneralCallMode,DualAddressMode
I2C2.Timing=0x20C0EDFF
I2C3.DualAddressMode=I2C_DUALADDRESS_ENABLE
I2C3.GeneralCallMode=I2C_GENERALCALL_ENABLE
I2C3.IPParameters=Timing,GeneralCallMode,DualAddressMode
I2C3.Timing=0x20C0EDFF
KeepUserPlacement=true
LWIP.BSP.number=1
LWIP.CHECKSUM_CHECK_TCP=1
LWIP.CHECKSUM_GEN_TCP=1
LWIP.IPParameters=LWIP_DNS,LWIP_NETIF_STATUS_CALLBACK,LWIP_NETIF_EXT_STATUS_CALLBACK,LWIP_NETIF_LOOPBACK,LWIP_TCP_SACK_OUT,CHECKSUM_GEN_TCP,CHECKSUM_CHECK_TCP
LWIP.LWIP_DNS=1
LWIP.LWIP_NETIF_EXT_STATUS_CALLBACK=1
LWIP.LWIP_NETIF_LOOPBACK=1
LWIP.LWIP_NETIF_STATUS_CALLBACK=1
LWIP.LWIP_TCP_SACK_OUT=1
LWIP.Version=v2.2.1_Cube
LWIP0.BSP.STBoard=false
LWIP0.BSP.api=BSP_COMPONENT_DRIVER
LWIP0.BSP.component=LAN8742
LWIP0.BSP.condition=
LWIP0.BSP.instance=LAN8742
LWIP0.BSP.ip=
LWIP0.BSP.mode=
LWIP0.BSP.name=Driver_PHY
LWIP0.BSP.semaphore=S_LAN8742
LWIP0.BSP.solution=LAN8742
MMTAppReg1.MEMORYMAP.AppRegionName=DTCM
MMTAppReg1.MEMORYMAP.ContextName=Boot
MMTAppReg1.MEMORYMAP.CoreName=ARM Cortex-M7
MMTAppReg1.MEMORYMAP.DefaultDataRegion=true
MMTAppReg1.MEMORYMAP.IPParameters=StartAddress,Size,CoreName,DefaultDataRegion,ContextName,Name
MMTAppReg1.MEMORYMAP.Name=DTCM
MMTAppReg1.MEMORYMAP.Size=131072
MMTAppReg1.MEMORYMAP.StartAddress=0x20000000
MMTAppReg2.MEMORYMAP.AppRegionName=RAM
MMTAppReg2.MEMORYMAP.ContextName=Boot
MMTAppReg2.MEMORYMAP.CoreName=ARM Cortex-M7
MMTAppReg2.MEMORYMAP.DefaultDataRegion=true
MMTAppReg2.MEMORYMAP.IPParameters=StartAddress,Size,CoreName,DefaultDataRegion,ContextName,Name
MMTAppReg2.MEMORYMAP.Name=RAM
MMTAppReg2.MEMORYMAP.Size=465920
MMTAppReg2.MEMORYMAP.StartAddress=0x24000000
MMTAppReg3.MEMORYMAP.AppRegionName=ITCM
MMTAppReg3.MEMORYMAP.Cacheability=WTRA
MMTAppReg3.MEMORYMAP.ContextName=Boot
MMTAppReg3.MEMORYMAP.CoreName=ARM Cortex-M7
MMTAppReg3.MEMORYMAP.DefaultDataRegion=false
MMTAppReg3.MEMORYMAP.IPParameters=StartAddress,Size,CoreName,DefaultDataRegion,ContextName,Name,Cacheability
MMTAppReg3.MEMORYMAP.Name=ITCM
MMTAppReg3.MEMORYMAP.Size=65536
MMTAppReg3.MEMORYMAP.StartAddress=0x00000000
MMTAppReg4.MEMORYMAP.AP=RO_priv_only
MMTAppReg4.MEMORYMAP.AppRegionName=FLASH
MMTAppReg4.MEMORYMAP.Cacheability=WTRA
MMTAppReg4.MEMORYMAP.ContextName=Boot
MMTAppReg4.MEMORYMAP.CoreName=ARM Cortex-M7
MMTAppReg4.MEMORYMAP.DefaultCodeRegion=true
MMTAppReg4.MEMORYMAP.DefaultDataRegion=false
MMTAppReg4.MEMORYMAP.IPParameters=StartAddress,Size,CoreName,DefaultDataRegion,MemType,ContextName,Name,AP,Cacheability,DefaultCodeRegion
MMTAppReg4.MEMORYMAP.MemType=ROM
MMTAppReg4.MEMORYMAP.Name=FLASH
MMTAppReg4.MEMORYMAP.Size=65536
MMTAppReg4.MEMORYMAP.StartAddress=0x08000000
MMTAppReg5.MEMORYMAP.AppRegionName=DTCM
MMTAppReg5.MEMORYMAP.ContextName=Appli
MMTAppReg5.MEMORYMAP.CoreName=ARM Cortex-M7
MMTAppReg5.MEMORYMAP.DefaultDataRegion=true
MMTAppReg5.MEMORYMAP.IPParameters=StartAddress,Size,CoreName,DefaultDataRegion,ContextName,Name
MMTAppReg5.MEMORYMAP.Name=DTCM
MMTAppReg5.MEMORYMAP.Size=131072
MMTAppReg5.MEMORYMAP.StartAddress=0x20000000
MMTAppReg6.MEMORYMAP.AppRegionName=RAM
MMTAppReg6.MEMORYMAP.ContextName=Appli
MMTAppReg6.MEMORYMAP.CoreName=ARM Cortex-M7
MMTAppReg6.MEMORYMAP.DefaultDataRegion=true
MMTAppReg6.MEMORYMAP.IPParameters=StartAddress,Size,CoreName,DefaultDataRegion,ContextName,Name
MMTAppReg6.MEMORYMAP.InvalidRegion=true
MMTAppReg6.MEMORYMAP.Name=RAM
MMTAppReg6.MEMORYMAP.Size=465920
MMTAppReg6.MEMORYMAP.StartAddress=0x24000000
MMTAppReg7.MEMORYMAP.AppRegionName=ITCM
MMTAppReg7.MEMORYMAP.Cacheability=WTRA
MMTAppReg7.MEMORYMAP.ContextName=Appli
MMTAppReg7.MEMORYMAP.CoreName=ARM Cortex-M7
MMTAppReg7.MEMORYMAP.DefaultDataRegion=false
MMTAppReg7.MEMORYMAP.IPParameters=StartAddress,Size,CoreName,DefaultDataRegion,ContextName,Name,Cacheability
MMTAppReg7.MEMORYMAP.Name=ITCM
MMTAppReg7.MEMORYMAP.Size=65536
MMTAppReg7.MEMORYMAP.StartAddress=0x00000000
MMTAppReg8.MEMORYMAP.AP=RO_priv_only
MMTAppReg8.MEMORYMAP.AppRegionName=FLASH
MMTAppReg8.MEMORYMAP.Cacheability=WTRA
MMTAppReg8.MEMORYMAP.ContextName=Appli
MMTAppReg8.MEMORYMAP.CoreName=ARM Cortex-M7
MMTAppReg8.MEMORYMAP.DefaultCodeRegion=true
MMTAppReg8.MEMORYMAP.DefaultDataRegion=false
MMTAppReg8.MEMORYMAP.IPParameters=StartAddress,Size,CoreName,DefaultDataRegion,ContextName,Name,AP,Cacheability,DefaultCodeRegion,SizeUnit
MMTAppReg8.MEMORYMAP.MemType=ROM
MMTAppReg8.MEMORYMAP.Name=FLASH
MMTAppReg8.MEMORYMAP.Size=268435456
MMTAppReg8.MEMORYMAP.SizeUnit=MB
MMTAppReg8.MEMORYMAP.StartAddress=0x70000000
MMTAppReg9.MEMORYMAP.AppRegionName=Reserved FLASH(Boot)
MMTAppReg9.MEMORYMAP.ContextLink=reserved
MMTAppReg9.MEMORYMAP.ContextName=Appli
MMTAppReg9.MEMORYMAP.CoreName=ARM Cortex-M7
MMTAppReg9.MEMORYMAP.DefaultDataRegion=false
MMTAppReg9.MEMORYMAP.IPParameters=StartAddress,Size,CoreName,SizeUnit,DefaultDataRegion,MemType,ContextName,Name,ReservedRegion,LockedRegion,ContextLink
MMTAppReg9.MEMORYMAP.LockedRegion=true
MMTAppReg9.MEMORYMAP.MemType=ROM
MMTAppReg9.MEMORYMAP.Name=Reserved FLASH(Boot)
MMTAppReg9.MEMORYMAP.ReservedRegion=true
MMTAppReg9.MEMORYMAP.Size=65536
MMTAppReg9.MEMORYMAP.SizeUnit=B
MMTAppReg9.MEMORYMAP.StartAddress=0x08000000
MMTAppRegionsCount=9
MMTConfigApplied=false
MMTProjectManagerApplied=false
MMTSectionSuffix=
Mcu.CPN=STM32H7S3L8Hx
Mcu.Context0=Boot
Mcu.Context1=Appli
Mcu.Context2=ExtMemLoader
Mcu.ContextNb=3
Mcu.Family=STM32H7
Mcu.IP0=ADC1
Mcu.IP1=ADC2
Mcu.IP10=GPDMA1
Mcu.IP11=HPDMA1
Mcu.IP12=I2C2
Mcu.IP13=I2C3
Mcu.IP14=IWDG
Mcu.IP15=LWIP
Mcu.IP16=MCE1
Mcu.IP17=MEMORYMAP
Mcu.IP18=NUCLEO-H7S3L8
Mcu.IP19=NVIC2
Mcu.IP2=CORDIC
Mcu.IP20=NVIC1
Mcu.IP21=RCC
Mcu.IP22=RTC
Mcu.IP23=SBS
Mcu.IP24=SPI1
Mcu.IP25=SPI2
Mcu.IP26=SYS
Mcu.IP27=TIM1
Mcu.IP28=TIM7
Mcu.IP29=TIM14
Mcu.IP3=CORTEX_M7_APPLI
Mcu.IP30=UART4
Mcu.IP31=UART5
Mcu.IP32=UART7
Mcu.IP33=UART8
Mcu.IP34=UCPD1
Mcu.IP35=USART1
Mcu.IP36=VREFBUF
Mcu.IP37=XSPI2
Mcu.IP4=CORTEX_M7_BOOT
Mcu.IP5=CRC
Mcu.IP6=CRYP
Mcu.IP7=ETH
Mcu.IP8=EXTMEM_MANAGER
Mcu.IP9=FREERTOS
Mcu.IPNb=39
Mcu.Name=STM32H7S3L8Hx
Mcu.Package=TFBGA225 OCTO SMPS
Mcu.Pin0=PE0
Mcu.Pin1=PM3
Mcu.Pin10=PD1
Mcu.Pin100=VP_TIM7_VS_ClockSourceINT
Mcu.Pin101=VP_TIM14_VS_ClockSourceINT
Mcu.Pin102=VP_VREFBUF_OUT
Mcu.Pin103=VP_XSPI2_VS_octo
Mcu.Pin104=VP_MEMORYMAP_VS_MEMORYMAP
Mcu.Pin105=VP_NUCLEO-H7S3L8_VS_BSP_COMMON
Mcu.Pin11=PE1
Mcu.Pin12=PB3(JTDO/TRACESWO)
Mcu.Pin13=PF1
Mcu.Pin14=PM8
Mcu.Pin15=PM1
Mcu.Pin16=PD4
Mcu.Pin17=PE11
Mcu.Pin18=PA11
Mcu.Pin19=PC15-OSC32_OUT(OSC32_OUT)
Mcu.Pin2=PD3
Mcu.Pin20=PC14-OSC32_IN(OSC32_IN)
Mcu.Pin21=PB7
Mcu.Pin22=PB4(NJTRST)
Mcu.Pin23=PM0
Mcu.Pin24=PC12
Mcu.Pin25=PA9
Mcu.Pin26=PC13
Mcu.Pin27=PB6
Mcu.Pin28=PD6
Mcu.Pin29=PG14
Mcu.Pin3=PD2
Mcu.Pin30=PG11
Mcu.Pin31=PA8
Mcu.Pin32=PN1
Mcu.Pin33=PG13
Mcu.Pin34=PN3
Mcu.Pin35=PN0
Mcu.Pin36=PN11
Mcu.Pin37=PN10
Mcu.Pin38=PN9
Mcu.Pin39=PN2
Mcu.Pin4=PB8
Mcu.Pin40=PN6
Mcu.Pin41=PH0-OSC_IN(PH0)
Mcu.Pin42=PH1-OSC_OUT(PH1)
Mcu.Pin43=PC0
Mcu.Pin44=PN8
Mcu.Pin45=PN4
Mcu.Pin46=PN5
Mcu.Pin47=PC1
Mcu.Pin48=PC2
Mcu.Pin49=PC3
Mcu.Pin5=PF0
Mcu.Pin50=PA2
Mcu.Pin51=PC4
Mcu.Pin52=PA0
Mcu.Pin53=PA1
Mcu.Pin54=PA4
Mcu.Pin55=PA7
Mcu.Pin56=PG6
Mcu.Pin57=PD8
Mcu.Pin58=PB14
Mcu.Pin59=PA3
Mcu.Pin6=PD7
Mcu.Pin60=PA5
Mcu.Pin61=PC5
Mcu.Pin62=PA6
Mcu.Pin63=PB0
Mcu.Pin64=PF13
Mcu.Pin65=PF14
Mcu.Pin66=PE9
Mcu.Pin67=PD9
Mcu.Pin68=PD13
Mcu.Pin69=PB1
Mcu.Pin7=PM9
Mcu.Pin70=PF12
Mcu.Pin71=PD10
Mcu.Pin72=VP_CORDIC_VS_CORDIC
Mcu.Pin73=VP_CRC_VS_CRC
Mcu.Pin74=VP_CRYP_VS_Crypt
Mcu.Pin75=VP_EXTMEM_MANAGER_SIG_Activate_EXTMEM
Mcu.Pin76=VP_FREERTOS_VS_CMSIS_V2
Mcu.Pin77=VP_GPDMA1_VS_GPDMACH0
Mcu.Pin78=VP_GPDMA1_VS_GPDMACH1
Mcu.Pin79=VP_GPDMA1_VS_GPDMACH2
Mcu.Pin8=PM2
Mcu.Pin80=VP_GPDMA1_VS_GPDMACH3
Mcu.Pin81=VP_GPDMA1_VS_GPDMACH4
Mcu.Pin82=VP_GPDMA1_VS_GPDMACH5
Mcu.Pin83=VP_GPDMA1_VS_GPDMACH6
Mcu.Pin84=VP_GPDMA1_VS_GPDMACH7
Mcu.Pin85=VP_HPDMA1_VS_HPDMACH0
Mcu.Pin86=VP_HPDMA1_VS_HPDMACH1
Mcu.Pin87=VP_HPDMA1_VS_HPDMACH2
Mcu.Pin88=VP_HPDMA1_VS_HPDMACH3
Mcu.Pin89=VP_HPDMA1_VS_HPDMACH4
Mcu.Pin9=PE13
Mcu.Pin90=VP_IWDG_VS_IWDG
Mcu.Pin91=VP_LWIP_VS_Enabled
Mcu.Pin92=VP_MCE1_VS_MCE
Mcu.Pin93=VP_RCC_VS_RMII
Mcu.Pin94=VP_RTC_VS_RTC_Activate
Mcu.Pin95=VP_RTC_VS_RTC_Calendar
Mcu.Pin96=VP_SBS_VS-SBS
Mcu.Pin97=VP_SYS_VS_tim6
Mcu.Pin98=VP_TIM1_VS_ControllerModeReset
Mcu.Pin99=VP_TIM1_VS_ClockSourceINT
Mcu.PinsNb=106
Mcu.ThirdPartyNb=0
Mcu.UserConstants=
Mcu.UserName=STM32H7S3L8Hx
MxCube.Version=6.16.1
MxDb.Version=DB.6.0.161
NUCLEO-H7S3L8.BUTTON=1
NUCLEO-H7S3L8.IPParameters=LD3,VCP,BUTTON,LD2,LD1
NUCLEO-H7S3L8.LD1=true
NUCLEO-H7S3L8.LD2=true
NUCLEO-H7S3L8.LD3=true
NUCLEO-H7S3L8.VCP=true
NVIC1.BusFault_IRQn=true\:0\:0\:false\:false\:true\:false\:false\:false
NVIC1.DebugMonitor_IRQn=true\:0\:0\:false\:false\:true\:false\:false\:false
NVIC1.EXTI13_IRQn=true\:0\:0\:false\:false\:true\:false\:true\:true
NVIC1.ForceEnableDMAVector=true
NVIC1.HardFault_IRQn=true\:0\:0\:false\:false\:true\:false\:false\:false
NVIC1.MemoryManagement_IRQn=true\:0\:0\:false\:false\:true\:false\:false\:false
NVIC1.NonMaskableInt_IRQn=true\:0\:0\:false\:false\:true\:false\:false\:false
NVIC1.PendSV_IRQn=true\:0\:0\:false\:false\:true\:false\:false\:false
NVIC1.PriorityGroup=NVIC_PRIORITYGROUP_4
NVIC1.RCC_IRQn=true\:0\:0\:false\:false\:true\:true\:false\:true
NVIC1.SVCall_IRQn=true\:0\:0\:false\:false\:true\:false\:false\:false
NVIC1.SysTick_IRQn=true\:15\:0\:false\:false\:true\:false\:true\:false
NVIC1.TIM6_IRQn=true\:15\:0\:false\:false\:true\:false\:true\:true
NVIC1.TimeBase=TIM6_IRQn
NVIC1.TimeBaseIP=TIM6
NVIC1.UsageFault_IRQn=true\:0\:0\:false\:false\:true\:false\:false\:false
NVIC2.ADC1_2_IRQn=true\:5\:0\:false\:true\:true\:8\:true\:true\:true\:true
NVIC2.BusFault_IRQn=true\:0\:0\:false\:false\:true\:false\:false\:false\:false
NVIC2.CORDIC_IRQn=true\:5\:0\:false\:true\:true\:22\:true\:true\:true\:true
NVIC2.CRYP_IRQn=true\:5\:0\:false\:true\:true\:7\:true\:true\:true\:true
NVIC2.DebugMonitor_IRQn=true\:0\:0\:false\:false\:true\:false\:false\:false\:false
NVIC2.ETH_IRQn=true\:5\:0\:false\:true\:true\:21\:true\:true\:true\:true
NVIC2.EXTI13_IRQn=true\:5\:0\:false\:true\:true\:6\:true\:false\:true\:true
NVIC2.FLASH_IRQn=true\:5\:0\:false\:true\:true\:4\:true\:true\:true\:true
NVIC2.FPU_IRQn=true\:5\:0\:false\:true\:true\:5\:true\:true\:false\:true
NVIC2.ForceEnableDMAVector=true
NVIC2.GPDMA1_Channel0_IRQn=true\:5\:0\:false\:false\:true\:true\:false\:true\:true
NVIC2.GPDMA1_Channel1_IRQn=true\:5\:0\:false\:false\:true\:true\:false\:true\:true
NVIC2.GPDMA1_Channel2_IRQn=true\:5\:0\:false\:false\:true\:true\:false\:true\:true
NVIC2.GPDMA1_Channel3_IRQn=true\:5\:0\:false\:false\:true\:true\:false\:true\:true
NVIC2.GPDMA1_Channel4_IRQn=true\:5\:0\:false\:false\:true\:true\:false\:true\:true
NVIC2.GPDMA1_Channel5_IRQn=true\:5\:0\:false\:false\:true\:true\:false\:true\:true
NVIC2.GPDMA1_Channel6_IRQn=true\:5\:0\:false\:false\:true\:true\:false\:true\:true
NVIC2.GPDMA1_Channel7_IRQn=true\:5\:0\:false\:false\:true\:true\:false\:true\:true
NVIC2.HPDMA1_Channel0_IRQn=true\:5\:0\:false\:false\:true\:true\:false\:true\:true
NVIC2.HPDMA1_Channel1_IRQn=true\:5\:0\:false\:false\:true\:true\:false\:true\:true
NVIC2.HPDMA1_Channel2_IRQn=true\:5\:0\:false\:false\:true\:true\:false\:true\:true
NVIC2.HPDMA1_Channel3_IRQn=true\:5\:0\:false\:false\:true\:true\:false\:true\:true
NVIC2.HPDMA1_Channel4_IRQn=true\:5\:0\:false\:false\:true\:true\:false\:true\:true
NVIC2.HardFault_IRQn=true\:0\:0\:false\:false\:true\:false\:false\:false\:false
NVIC2.I2C2_ER_IRQn=true\:5\:0\:false\:true\:true\:16\:true\:true\:true\:true
NVIC2.I2C2_EV_IRQn=true\:5\:0\:false\:true\:true\:15\:true\:true\:true\:true
NVIC2.I2C3_ER_IRQn=true\:5\:0\:false\:true\:true\:18\:true\:true\:true\:true
NVIC2.I2C3_EV_IRQn=true\:5\:0\:false\:true\:true\:17\:true\:true\:true\:true
NVIC2.IWDG_IRQn=true\:5\:0\:false\:true\:true\:2\:true\:true\:true\:true
NVIC2.MCE1_IRQn=true\:5\:0\:false\:true\:true\:23\:true\:true\:true\:true
NVIC2.MemoryManagement_IRQn=true\:0\:0\:false\:false\:true\:false\:false\:false\:false
NVIC2.NonMaskableInt_IRQn=true\:0\:0\:false\:false\:true\:false\:false\:false\:false
NVIC2.PVD_PVM_IRQn=true\:5\:0\:false\:true\:true\:1\:true\:true\:true\:true
NVIC2.PendSV_IRQn=true\:15\:0\:false\:false\:false\:true\:false\:false\:false
NVIC2.PriorityGroup=NVIC_PRIORITYGROUP_4
NVIC2.RCC_IRQn=true\:5\:0\:false\:true\:true\:3\:true\:true\:false\:true
NVIC2.SPI1_IRQn=true\:5\:0\:false\:true\:true\:13\:true\:true\:true\:true
NVIC2.SPI2_IRQn=true\:5\:0\:false\:true\:true\:14\:true\:true\:true\:true
NVIC2.SVCall_IRQn=true\:0\:0\:false\:false\:false\:false\:false\:false\:false
NVIC2.SavedPendsvIrqHandlerGenerated=true
NVIC2.SavedSvcallIrqHandlerGenerated=true
NVIC2.SavedSystickIrqHandlerGenerated=true
NVIC2.SysTick_IRQn=true\:15\:0\:false\:false\:false\:true\:false\:true\:false
NVIC2.TIM14_IRQn=true\:5\:0\:false\:false\:true\:true\:true\:true\:true
NVIC2.TIM1_BRK_IRQn=true\:5\:0\:false\:true\:true\:9\:true\:true\:true\:true
NVIC2.TIM1_CC_IRQn=true\:5\:0\:false\:true\:true\:12\:true\:true\:true\:true
NVIC2.TIM1_TRG_COM_IRQn=true\:5\:0\:false\:true\:true\:11\:true\:true\:true\:true
NVIC2.TIM1_UP_IRQn=true\:5\:0\:false\:true\:true\:10\:true\:true\:true\:true
NVIC2.TIM6_IRQn=true\:15\:0\:false\:false\:true\:false\:false\:true\:true
NVIC2.TIM7_IRQn=true\:5\:0\:false\:false\:true\:true\:true\:true\:true
NVIC2.TimeBase=TIM6_IRQn
NVIC2.TimeBaseIP=TIM6
NVIC2.UART4_IRQn=true\:5\:0\:false\:false\:true\:true\:true\:true\:true
NVIC2.UART5_IRQn=true\:5\:0\:false\:true\:true\:19\:true\:true\:true\:true
NVIC2.UART7_IRQn=true\:5\:0\:false\:true\:true\:20\:true\:true\:true\:true
NVIC2.UART8_IRQn=true\:5\:0\:false\:false\:true\:true\:true\:true\:true
NVIC2.UsageFault_IRQn=true\:0\:0\:false\:false\:true\:false\:false\:false\:false
PA0.GPIOParameters=PinAttribute
PA0.Locked=true
PA0.PinAttribute=Appli
PA0.Signal=ADCx_INP0
PA1.GPIOParameters=PinAttribute
PA1.Locked=true
PA1.PinAttribute=Appli
PA1.Signal=ADCx_INP1
PA11.GPIOParameters=PinAttribute
PA11.PinAttribute=Appli
PA11.Signal=S_TIM1_CH4
PA2.GPIOParameters=GPIO_Speed,GPIO_PuPd,PinAttribute,GPIO_Mode
PA2.GPIO_Mode=GPIO_MODE_AF_PP
PA2.GPIO_PuPd=GPIO_NOPULL
PA2.GPIO_Speed=GPIO_SPEED_FREQ_VERY_HIGH
PA2.Mode=RMII
PA2.PinAttribute=Appli
PA2.Signal=ETH_MDIO
PA3.GPIOParameters=PinAttribute
PA3.Locked=true
PA3.PinAttribute=Appli
PA3.Signal=ADCx_INP15
PA4.GPIOParameters=PinAttribute
PA4.Locked=true
PA4.Mode=IN18-Single-Ended
PA4.PinAttribute=Appli
PA4.Signal=ADC1_INP18
PA5.GPIOParameters=PinAttribute
PA5.Locked=true
PA5.Mode=IN18-Single-Ended
PA5.PinAttribute=Appli
PA5.Signal=ADC2_INP18
PA6.GPIOParameters=PinAttribute
PA6.Locked=true
PA6.PinAttribute=Appli
PA6.Signal=ADCx_INP3
PA7.GPIOParameters=GPIO_Speed,GPIO_PuPd,PinAttribute,GPIO_Mode
PA7.GPIO_Mode=GPIO_MODE_AF_PP
PA7.GPIO_PuPd=GPIO_NOPULL
PA7.GPIO_Speed=GPIO_SPEED_FREQ_VERY_HIGH
PA7.Mode=RMII
PA7.PinAttribute=Appli
PA7.Signal=ETH_RMII_CRS_DV
PA8.GPIOParameters=PinAttribute
PA8.Mode=I2C
PA8.PinAttribute=Appli
PA8.Signal=I2C3_SCL
PA9.GPIOParameters=PinAttribute
PA9.Mode=I2C
PA9.PinAttribute=Appli
PA9.Signal=I2C3_SDA
PB0.GPIOParameters=PinAttribute
PB0.Locked=true
PB0.PinAttribute=Appli
PB0.Signal=ADCx_INP9
PB1.GPIOParameters=PinAttribute
PB1.Locked=true
PB1.PinAttribute=Appli
PB1.Signal=ADCx_INP5
PB14.GPIOParameters=PinAttribute
PB14.Mode=Full_Duplex_Slave
PB14.PinAttribute=Appli
PB14.Signal=SPI2_MISO
PB3(JTDO/TRACESWO).GPIOParameters=PinAttribute
PB3(JTDO/TRACESWO).Mode=Simplex_Bidirectional_Slave
PB3(JTDO/TRACESWO).PinAttribute=Appli
PB3(JTDO/TRACESWO).Signal=SPI1_SCK
PB4(NJTRST).GPIOParameters=PinAttribute
PB4(NJTRST).Mode=Simplex_Bidirectional_Slave
PB4(NJTRST).PinAttribute=Appli
PB4(NJTRST).Signal=SPI1_MISO
PB6.GPIOParameters=PinAttribute
PB6.Mode=ModbusCommunication
PB6.PinAttribute=Appli
PB6.Signal=USART1_TX
PB7.Locked=true
PB8.GPIOParameters=PinAttribute
PB8.Mode=Asynchronous
PB8.PinAttribute=Appli
PB8.Signal=UART4_RX
PC0.GPIOParameters=PinAttribute
PC0.Locked=true
PC0.PinAttribute=Appli
PC0.Signal=ADCx_INP10
PC1.GPIOParameters=PinAttribute
PC1.Mode=Full_Duplex_Slave
PC1.PinAttribute=Appli
PC1.Signal=SPI2_MOSI
PC12.GPIOParameters=PinAttribute
PC12.Mode=Asynchronous
PC12.PinAttribute=Appli
PC12.Signal=UART5_TX
PC13.Locked=true
PC13.Mode=Timestamp enabled
PC13.Signal=RTC_TS
PC14-OSC32_IN(OSC32_IN).Mode=LSE-External-Oscillator
PC14-OSC32_IN(OSC32_IN).Signal=RCC_OSC32_IN
PC15-OSC32_OUT(OSC32_OUT).Mode=LSE-External-Oscillator
PC15-OSC32_OUT(OSC32_OUT).Signal=RCC_OSC32_OUT
PC2.GPIOParameters=PinAttribute
PC2.Locked=true
PC2.PinAttribute=Appli
PC2.Signal=ADCx_INP12
PC3.GPIOParameters=PinAttribute
PC3.Locked=true
PC3.PinAttribute=Appli
PC3.Signal=ADCx_INP13
PC4.GPIOParameters=GPIO_Speed,GPIO_PuPd,PinAttribute,GPIO_Mode
PC4.GPIO_Mode=GPIO_MODE_AF_PP
PC4.GPIO_PuPd=GPIO_NOPULL
PC4.GPIO_Speed=GPIO_SPEED_FREQ_VERY_HIGH
PC4.Mode=RMII
PC4.PinAttribute=Appli
PC4.Signal=ETH_RMII_RXD0
PC5.GPIOParameters=GPIO_Speed,GPIO_PuPd,PinAttribute,GPIO_Mode
PC5.GPIO_Mode=GPIO_MODE_AF_PP
PC5.GPIO_PuPd=GPIO_NOPULL
PC5.GPIO_Speed=GPIO_SPEED_FREQ_VERY_HIGH
PC5.Mode=RMII
PC5.PinAttribute=Appli
PC5.Signal=ETH_RMII_RXD1
PCC.Checker=false
PCC.Line=STM32H7R3/7S3
PCC.MCU=STM32H7S3L8Hx
PCC.PartNumber=STM32H7S3L8Hx
PCC.Series=STM32H7
PCC.Temperature=25
PCC.Vdd=3.0
PD1.GPIOParameters=PinAttribute
PD1.Mode=Asynchronous
PD1.PinAttribute=Appli
PD1.Signal=UART4_TX
PD10.Locked=true
PD13.Locked=true
PD2.GPIOParameters=PinAttribute
PD2.Mode=Asynchronous
PD2.PinAttribute=Appli
PD2.Signal=UART5_RX
PD3.GPIOParameters=PinAttribute
PD3.Mode=Full_Duplex_Slave
PD3.PinAttribute=Appli
PD3.Signal=SPI2_SCK
PD4.GPIOParameters=PinAttribute
PD4.Mode=ETH PHY_INTN
PD4.PinAttribute=Appli
PD4.Signal=ETH_PHY_INTN
PD6.GPIOParameters=PinAttribute
PD6.Mode=Digital_ClockEthClk
PD6.PinAttribute=Free
PD6.Signal=ETH_CLK
PD7.GPIOParameters=GPIO_Speed,GPIO_PuPd,PinAttribute,GPIO_Mode
PD7.GPIO_Mode=GPIO_MODE_AF_PP
PD7.GPIO_PuPd=GPIO_NOPULL
PD7.GPIO_Speed=GPIO_SPEED_FREQ_VERY_HIGH
PD7.Mode=RMII
PD7.PinAttribute=Appli
PD7.Signal=ETH_RMII_REF_CLK
PD8.Locked=true
PD9.Locked=true
PE0.GPIOParameters=PinAttribute
PE0.Mode=Asynchronous
PE0.PinAttribute=Appli
PE0.Signal=UART8_RX
PE1.GPIOParameters=PinAttribute
PE1.Mode=Asynchronous
PE1.PinAttribute=Appli
PE1.Signal=UART8_TX
PE11.GPIOParameters=PinAttribute
PE11.PinAttribute=Appli
PE11.Signal=S_TIM1_CH2
PE13.GPIOParameters=PinAttribute
PE13.PinAttribute=Appli
PE13.Signal=S_TIM1_CH3
PE9.GPIOParameters=PinAttribute
PE9.PinAttribute=Appli
PE9.Signal=S_TIM1_CH1
PF0.GPIOParameters=PinAttribute
PF0.Mode=I2C
PF0.PinAttribute=Appli
PF0.Signal=I2C2_SDA
PF1.GPIOParameters=PinAttribute
PF1.Mode=I2C
PF1.PinAttribute=Appli
PF1.Signal=I2C2_SCL
PF12.GPIOParameters=PinAttribute
PF12.Locked=true
PF12.Mode=IN6-Single-Ended
PF12.PinAttribute=Appli
PF12.Signal=ADC1_INP6
PF13.GPIOParameters=PinAttribute
PF13.Locked=true
PF13.Mode=IN2-Single-Ended
PF13.PinAttribute=Appli
PF13.Signal=ADC2_INP2
PF14.GPIOParameters=PinAttribute
PF14.Locked=true
PF14.Mode=IN6-Single-Ended
PF14.PinAttribute=Appli
PF14.Signal=ADC2_INP6
PG11.GPIOParameters=GPIO_Speed,GPIO_PuPd,PinAttribute,GPIO_Mode
PG11.GPIO_Mode=GPIO_MODE_AF_PP
PG11.GPIO_PuPd=GPIO_NOPULL
PG11.GPIO_Speed=GPIO_SPEED_FREQ_VERY_HIGH
PG11.Mode=RMII
PG11.PinAttribute=Appli
PG11.Signal=ETH_RMII_TX_EN
PG13.GPIOParameters=GPIO_Speed,GPIO_PuPd,PinAttribute,GPIO_Mode
PG13.GPIO_Mode=GPIO_MODE_AF_PP
PG13.GPIO_PuPd=GPIO_NOPULL
PG13.GPIO_Speed=GPIO_SPEED_FREQ_VERY_HIGH
PG13.Mode=RMII
PG13.PinAttribute=Appli
PG13.Signal=ETH_RMII_TXD0
PG14.GPIOParameters=GPIO_Speed,GPIO_PuPd,PinAttribute,GPIO_Mode
PG14.GPIO_Mode=GPIO_MODE_AF_PP
PG14.GPIO_PuPd=GPIO_NOPULL
PG14.GPIO_Speed=GPIO_SPEED_FREQ_VERY_HIGH
PG14.Mode=RMII
PG14.PinAttribute=Appli
PG14.Signal=ETH_RMII_TXD1
PG6.GPIOParameters=GPIO_Speed,GPIO_PuPd,GPIO_Mode,PinAttribute
PG6.GPIO_Mode=GPIO_MODE_AF_PP
PG6.GPIO_PuPd=GPIO_NOPULL
PG6.GPIO_Speed=GPIO_SPEED_FREQ_VERY_HIGH
PG6.Mode=RMII
PG6.PinAttribute=Appli
PG6.Signal=ETH_MDC
PH0-OSC_IN(PH0).Mode=HSE-External-Oscillator
PH0-OSC_IN(PH0).Signal=RCC_OSC_IN
PH1-OSC_OUT(PH1).Mode=HSE-External-Oscillator
PH1-OSC_OUT(PH1).Signal=RCC_OSC_OUT
PM0.GPIOParameters=PinAttribute
PM0.Mode=Sink_AllSignals
PM0.PinAttribute=Appli
PM0.Signal=UCPD1_CC1
PM1.GPIOParameters=PinAttribute
PM1.Mode=Sink_AllSignals
PM1.PinAttribute=Appli
PM1.Signal=UCPD1_CC2
PM2.Mode=EnableDeadBattery
PM2.Signal=UCPD1_DBCC1
PM3.Mode=EnableDeadBattery
PM3.Signal=UCPD1_DBCC2
PM8.GPIOParameters=PinAttribute
PM8.Mode=IrDA
PM8.PinAttribute=Appli
PM8.Signal=UART7_RX
PM9.GPIOParameters=PinAttribute
PM9.Mode=IrDA
PM9.PinAttribute=Appli
PM9.Signal=UART7_TX
PN0.GPIOParameters=PinAttribute
PN0.Mode=XSPI2_Port2Octo
PN0.PinAttribute=Boot,ExtMemLoader
PN0.Signal=XSPIM_P2_DQS0
PN1.GPIOParameters=PinAttribute
PN1.Mode=XSPI2_NCS1_Port2
PN1.PinAttribute=Boot,ExtMemLoader
PN1.Signal=XSPIM_P2_NCS1
PN10.GPIOParameters=PinAttribute
PN10.Mode=XSPI2_Port2Octo
PN10.PinAttribute=Boot,ExtMemLoader
PN10.Signal=XSPIM_P2_IO6
PN11.GPIOParameters=PinAttribute
PN11.Mode=XSPI2_Port2Octo
PN11.PinAttribute=Boot,ExtMemLoader
PN11.Signal=XSPIM_P2_IO7
PN2.GPIOParameters=PinAttribute
PN2.Mode=XSPI2_Port2Octo
PN2.PinAttribute=Boot,ExtMemLoader
PN2.Signal=XSPIM_P2_IO0
PN3.GPIOParameters=PinAttribute
PN3.Mode=XSPI2_Port2Octo
PN3.PinAttribute=Boot,ExtMemLoader
PN3.Signal=XSPIM_P2_IO1
PN4.GPIOParameters=PinAttribute
PN4.Mode=XSPI2_Port2Octo
PN4.PinAttribute=Boot,ExtMemLoader
PN4.Signal=XSPIM_P2_IO2
PN5.GPIOParameters=PinAttribute
PN5.Mode=XSPI2_Port2Octo
PN5.PinAttribute=Boot,ExtMemLoader
PN5.Signal=XSPIM_P2_IO3
PN6.GPIOParameters=PinAttribute
PN6.Mode=XSPI2_Port2Octo
PN6.PinAttribute=Boot,ExtMemLoader
PN6.Signal=XSPIM_P2_CLK
PN8.GPIOParameters=PinAttribute
PN8.Mode=XSPI2_Port2Octo
PN8.PinAttribute=Boot,ExtMemLoader
PN8.Signal=XSPIM_P2_IO4
PN9.GPIOParameters=PinAttribute
PN9.Mode=XSPI2_Port2Octo
PN9.PinAttribute=Boot,ExtMemLoader
PN9.Signal=XSPIM_P2_IO5
PinOutPanel.CurrentBGAView=Top
PinOutPanel.RotationAngle=0
ProjectManager.AskForMigrate=true
ProjectManager.BackupPrevious=false
ProjectManager.CompilerLinker=GCC
ProjectManager.CompilerOptimize=6
ProjectManager.ComputerToolchain=false
ProjectManager.CoupleFile=true
ProjectManager.CustomerFirmwarePackage=..\\..\\..\\STM32Cube\\Repository\\STM32Cube_FW_H7RS_V1.3.0
ProjectManager.DefaultFWLocation=false
ProjectManager.DeletePrevious=true
ProjectManager.DeviceId=STM32H7S3L8Hx
ProjectManager.FirmwarePackage=STM32Cube FW_H7RS V1.3.0
ProjectManager.FreePins=false
ProjectManager.FreePinsContext=Boot
ProjectManager.HalAssertFull=true
ProjectManager.HeapSize=App-0x200,Boot-0x200,ExtMemLoader-0x200
ProjectManager.KeepUserCode=true
ProjectManager.LastFirmware=true
ProjectManager.LibraryCopy=1
ProjectManager.MainLocation=Core/Src
ProjectManager.MultiThreaded=true
ProjectManager.NoMain=false
ProjectManager.PreviousToolchain=STM32CubeIDE
ProjectManager.ProjectBuild=false
ProjectManager.ProjectFileName=HPECT-MX.ioc
ProjectManager.ProjectName=HPECT-MX
ProjectManager.ProjectStructure=Boot\:Boot Project\:true;App\:Appli Project\:true;ExtMemLoader\:ExtMemLoader Project\:true;
ProjectManager.RegisterCallBack=ADC,I2C,I2S,MMC,SPI,TIM,UART,USART,WWDG
ProjectManager.StackSize=App-0x400,Boot-0x400,ExtMemLoader-0x400
ProjectManager.TargetToolchain=STM32CubeIDE
ProjectManager.ThreadSafeStrategy=Appli\:Default,
ProjectManager.ToolChainLocation=
ProjectManager.UAScriptAfterPath=
ProjectManager.UAScriptBeforePath=
ProjectManager.UnderRoot=true
ProjectManager.functionlistsort=1-MX_HPDMA1_Init-HPDMA1-false-HAL-true-Boot,2-MX_GPDMA1_Init-GPDMA1-false-HAL-true-Boot,3-MX_GPIO_Init-GPIO-false-HAL-true-Boot,4-SystemClock_Config-RCC-false-HAL-false-Boot,5-MX_XSPI2_Init-XSPI2-false-HAL-true-Boot,6-MX_SBS_Init-SBS-false-HAL-true-Boot,7-MX_EXTMEM_MANAGER_Init-EXTMEM_MANAGER-false-HAL-false-Boot,1-SystemClock_Config-RCC-false-HAL-false-Appli,2-MX_GPIO_Init-GPIO-false-HAL-true-Appli,3-MX_HPDMA1_Init-HPDMA1-false-HAL-true-Appli,4-MX_GPDMA1_Init-GPDMA1-false-HAL-true-Appli,5-MX_IWDG_Init-IWDG-false-HAL-true-Appli,6-MX_ADC1_Init-ADC1-false-HAL-true-Appli,7-MX_ADC2_Init-ADC2-false-HAL-true-Appli,8-MX_CORDIC_Init-CORDIC-false-HAL-true-Appli,9-MX_CRYP_Init-CRYP-false-HAL-true-Appli,10-MX_I2C2_Init-I2C2-false-HAL-true-Appli,11-MX_I2C3_Init-I2C3-false-HAL-true-Appli,12-MX_MCE1_Init-MCE1-false-HAL-true-Appli,13-MX_RTC_Init-RTC-false-HAL-true-Appli,14-MX_SBS_Init-SBS-false-HAL-true-Appli,15-MX_SPI1_Init-SPI1-false-HAL-true-Appli,16-MX_SPI2_Init-SPI2-false-HAL-true-Appli,17-MX_TIM1_Init-TIM1-false-HAL-true-Appli,18-MX_UART4_Init-UART4-false-HAL-true-Appli,19-MX_UART5_Init-UART5-false-HAL-true-Appli,20-MX_UART7_IRDA_Init-UART7-false-HAL-true-Appli,21-MX_LWIP_Init-LWIP-false-HAL-false-Appli,22-MX_UART8_Init-UART8-false-HAL-true-Appli,23-MX_USART1_Init-USART1-false-HAL-true-Appli,24-MX_UCPD1_Init-UCPD1-false-LL-true-Appli,25-MX_TIM7_Init-TIM7-false-HAL-true-Appli,26-MX_TIM14_Init-TIM14-false-HAL-true-Appli,27-MX_CRC_Init-CRC-false-HAL-true-Appli,false-0--NUCLEO-H7S3L8-true-HAL-true-Boot,0-MX_CORTEX_M7_BOOT_Init-CORTEX_M7_BOOT-false-HAL-true-Boot,0-MX_CORTEX_M7_APPLI_Init-CORTEX_M7_APPLI-false-HAL-true-Appli,0-MX_VREFBUF_Init-VREFBUF-false-HAL-true-Appli,1-SystemClock_Config-RCC-false-HAL-false-ExtMemLoader,2-MX_GPIO_Init-GPIO-false-HAL-true-ExtMemLoader,3-MX_HPDMA1_Init-HPDMA1-false-HAL-true-ExtMemLoader,4-MX_GPDMA1_Init-GPDMA1-false-HAL-true-ExtMemLoader,5-MX_SBS_Init-SBS-false-HAL-true-ExtMemLoader,6-MX_XSPI2_Init-XSPI2-false-HAL-true-ExtMemLoader,7-MX_EXTMEM_MANAGER_Init-EXTMEM_MANAGER-false-HAL-false-ExtMemLoader
RCC.ADCFreq_Value=400000000
RCC.ADFFreq_Value=300000000
RCC.AHB1234Freq_Value=300000000
RCC.AHB5ClockFreq_Value=300000000
RCC.APB1Freq_Value=150000000
RCC.APB2Freq_Value=150000000
RCC.APB4Freq_Value=150000000
RCC.APB5Freq_Value=150000000
RCC.AXIClockFreq_Value=300000000
RCC.BMPRE=RCC_HCLK_DIV2
RCC.CECFreq_Value=32768
RCC.CKPERFreq_Value=64000000
RCC.CPREFreq_Value=600000000
RCC.CortexFreq_Value=600000000
RCC.CpuClockFreq_Value=600000000
RCC.DIVM1=4
RCC.DIVM2=4
RCC.DIVM3=4
RCC.DIVN1=37
RCC.DIVN2=25
RCC.DIVN3=25
RCC.DIVP1=1
RCC.DIVP1Freq_Value=600000000
RCC.DIVP2=1
RCC.DIVP2Freq_Value=400000000
RCC.DIVP3Freq_Value=200000000
RCC.DIVQ1=1
RCC.DIVQ1Freq_Value=600000000
RCC.DIVQ2Freq_Value=200000000
RCC.DIVQ3Freq_Value=200000000
RCC.DIVR1Freq_Value=300000000
RCC.DIVR2Freq_Value=200000000
RCC.DIVR3=1
RCC.DIVR3Freq_Value=400000000
RCC.DIVS1Freq_Value=300000000
RCC.DIVS2=1
RCC.DIVS2Freq_Value=400000000
RCC.DIVS3=8
RCC.DIVS3Freq_Value=50000000
RCC.DIVT1Freq_Value=300000000
RCC.DIVT2Freq_Value=200000000
RCC.DIVT3Freq_Value=200000000
RCC.DTSFreq_Value=32768
RCC.ETH1Freq_Value=12288000
RCC.ETHPHYCLockSelection=RCC_ETH1PHYCLKSOURCE_PLL3S
RCC.ETHPHYFreq_Value=50000000
RCC.FDCANFreq_Value=25000000
RCC.FMCFreq_Value=300000000
RCC.FamilyName=M
RCC.HCLKFreq_Value=300000000
RCC.HSE_VALUE=25000000
RCC.I2C1Freq_Value=150000000
RCC.I2C23Freq_Value=150000000
RCC.I2CI3C1Freq_Value=150000000
RCC.IPParameters=ADCFreq_Value,ADFFreq_Value,AHB1234Freq_Value,AHB5ClockFreq_Value,APB1Freq_Value,APB2Freq_Value,APB4Freq_Value,APB5Freq_Value,AXIClockFreq_Value,BMPRE,CECFreq_Value,CKPERFreq_Value,CPREFreq_Value,CortexFreq_Value,CpuClockFreq_Value,DIVM1,DIVM2,DIVM3,DIVN1,DIVN2,DIVN3,DIVP1,DIVP1Freq_Value,DIVP2,DIVP2Freq_Value,DIVP3Freq_Value,DIVQ1,DIVQ1Freq_Value,DIVQ2Freq_Value,DIVQ3Freq_Value,DIVR1Freq_Value,DIVR2Freq_Value,DIVR3,DIVR3Freq_Value,DIVS1Freq_Value,DIVS2,DIVS2Freq_Value,DIVS3,DIVS3Freq_Value,DIVT1Freq_Value,DIVT2Freq_Value,DIVT3Freq_Value,DTSFreq_Value,ETH1Freq_Value,ETHPHYCLockSelection,ETHPHYFreq_Value,FDCANFreq_Value,FMCFreq_Value,FamilyName,HCLKFreq_Value,HSE_VALUE,I2C1Freq_Value,I2C23Freq_Value,I2CI3C1Freq_Value,LPTIM1Freq_Value,LPTIM23Freq_Value,LPTIM45Freq_Value,LPUART1Freq_Value,LTDCFreq_Value,MCO1PinFreq_Value,MCO2PinFreq_Value,OSPI1Freq_Value,OSPI2Freq_Value,PLL2FRACN,PLL3FRACN,PLLFRACN,PPRE1,PPRE2,PPRE4,PPRE5,PSSIFreq_Value,RTCFreq_Value,SAI1Freq_Value,SAI2Freq_Value,SDMMCFreq_Value,SPDIFRXFreq_Value,SPI1Freq_Value,SPI23Freq_Value,SPI45Freq_Value,SPI6Freq_Value,SYSCLKFreq_VALUE,SYSCLKSource,SupplySource,TPIUFreq_Value,Tim1OutputFreq_Value,Tim2OutputFreq_Value,UCPDFreq_Value,USART1Freq_Value,USART234578Freq_Value,USBOFSFreq_Value,USBPHYFreq_Value,VCO1OutputFreq_Value,VCO2OutputFreq_Value,VCO3OutputFreq_Value,VCOInput1Freq_Value,VCOInput2Freq_Value,VCOInput3Freq_Value,Xspi1ClockSelection,Xspi2ClockSelection
RCC.LPTIM1Freq_Value=150000000
RCC.LPTIM23Freq_Value=150000000
RCC.LPTIM45Freq_Value=150000000
RCC.LPUART1Freq_Value=150000000
RCC.LTDCFreq_Value=128000000
RCC.MCO1PinFreq_Value=64000000
RCC.MCO2PinFreq_Value=600000000
RCC.OSPI1Freq_Value=400000000
RCC.OSPI2Freq_Value=400000000
RCC.PLL2FRACN=0
RCC.PLL3FRACN=0
RCC.PLLFRACN=4096
RCC.PPRE1=RCC_APB1_DIV2
RCC.PPRE2=RCC_APB2_DIV2
RCC.PPRE4=RCC_APB4_DIV2
RCC.PPRE5=RCC_APB5_DIV2
RCC.PSSIFreq_Value=400000000
RCC.RTCFreq_Value=32000
RCC.SAI1Freq_Value=600000000
RCC.SAI2Freq_Value=600000000
RCC.SDMMCFreq_Value=400000000
RCC.SPDIFRXFreq_Value=600000000
RCC.SPI1Freq_Value=600000000
RCC.SPI23Freq_Value=600000000
RCC.SPI45Freq_Value=150000000
RCC.SPI6Freq_Value=150000000
RCC.SYSCLKFreq_VALUE=600000000
RCC.SYSCLKSource=RCC_SYSCLKSOURCE_PLLCLK
RCC.SupplySource=PWR_LDO_SUPPLY
RCC.TPIUFreq_Value=200000000
RCC.Tim1OutputFreq_Value=300000000
RCC.Tim2OutputFreq_Value=300000000
RCC.UCPDFreq_Value=16000000
RCC.USART1Freq_Value=150000000
RCC.USART234578Freq_Value=150000000
RCC.USBOFSFreq_Value=48000000
RCC.USBPHYFreq_Value=25000000
RCC.VCO1OutputFreq_Value=600000000
RCC.VCO2OutputFreq_Value=400000000
RCC.VCO3OutputFreq_Value=400000000
RCC.VCOInput1Freq_Value=16000000
RCC.VCOInput2Freq_Value=16000000
RCC.VCOInput3Freq_Value=16000000
RCC.Xspi1ClockSelection=RCC_XSPI1CLKSOURCE_PLL2S
RCC.Xspi2ClockSelection=RCC_XSPI2CLKSOURCE_PLL2S
RTC.BinMode=RTC_BINARY_NONE
RTC.Date=20
RTC.Hours=12
RTC.IPParameters=BinMode,rtcPrivilegeFull,backupRegisterPrivZone,Month,Date,Hours,Year
RTC.Month=RTC_MONTH_DECEMBER
RTC.Year=26
RTC.backupRegisterPrivZone=RTC_PRIVILEGE_BKUP_ZONE_NONE
RTC.rtcPrivilegeFull=RTC_PRIVILEGE_FULL_NO
SBS.IO_OTHER=Enable
SBS.IPParameters=XSPIM1,XSPIM2,IO_OTHER
SBS.XSPIM1=Enable
SBS.XSPIM2=Enable
SH.ADCx_INP0.0=ADC1_INP0,IN0-Single-Ended
SH.ADCx_INP0.ConfNb=1
SH.ADCx_INP1.0=ADC2_INP1,IN1-Single-Ended
SH.ADCx_INP1.ConfNb=1
SH.ADCx_INP10.0=ADC1_INP10,IN10-Single-Ended
SH.ADCx_INP10.ConfNb=1
SH.ADCx_INP12.0=ADC2_INP12,IN12-Single-Ended
SH.ADCx_INP12.ConfNb=1
SH.ADCx_INP13.0=ADC2_INP13,IN13-Single-Ended
SH.ADCx_INP13.ConfNb=1
SH.ADCx_INP15.0=ADC2_INP15,IN15-Single-Ended
SH.ADCx_INP15.ConfNb=1
SH.ADCx_INP3.0=ADC1_INP3,IN3-Single-Ended
SH.ADCx_INP3.ConfNb=1
SH.ADCx_INP5.0=ADC1_INP5,IN5-Single-Ended
SH.ADCx_INP5.ConfNb=1
SH.ADCx_INP9.0=ADC1_INP9,IN9-Single-Ended
SH.ADCx_INP9.ConfNb=1
SH.S_TIM1_CH1.0=TIM1_CH1,TriggerSource_TI1FP1
SH.S_TIM1_CH1.1=TIM1_CH1,Input_Capture1_from_TI1
SH.S_TIM1_CH1.ConfNb=2
SH.S_TIM1_CH2.0=TIM1_CH2,Input_Capture2_from_TI2
SH.S_TIM1_CH2.ConfNb=1
SH.S_TIM1_CH3.0=TIM1_CH3,Input_Capture3_from_TI3
SH.S_TIM1_CH3.ConfNb=1
SH.S_TIM1_CH4.0=TIM1_CH4,Input_Capture4_from_TI4
SH.S_TIM1_CH4.ConfNb=1
SPI1.Direction=SPI_DIRECTION_1LINE
SPI1.IPParameters=VirtualType,Mode,Direction
SPI1.Mode=SPI_MODE_SLAVE
SPI1.VirtualType=VM_SLAVE
SPI2.Direction=SPI_DIRECTION_2LINES
SPI2.IPParameters=VirtualType,Mode,Direction
SPI2.Mode=SPI_MODE_SLAVE
SPI2.VirtualType=VM_SLAVE
TIM1.Channel-Input_Capture1_from_TI1=TIM_CHANNEL_1
TIM1.Channel-Input_Capture2_from_TI2=TIM_CHANNEL_2
TIM1.Channel-Input_Capture3_from_TI3=TIM_CHANNEL_3
TIM1.Channel-Input_Capture4_from_TI4=TIM_CHANNEL_4
TIM1.ClockDivision=TIM_CLOCKDIVISION_DIV2
TIM1.ICPolarity_CH1=TIM_INPUTCHANNELPOLARITY_BOTHEDGE
TIM1.ICPolarity_CH2=TIM_INPUTCHANNELPOLARITY_BOTHEDGE
TIM1.ICPolarity_CH3=TIM_INPUTCHANNELPOLARITY_BOTHEDGE
TIM1.ICPolarity_CH4=TIM_INPUTCHANNELPOLARITY_BOTHEDGE
TIM1.IPParameters=Channel-Input_Capture1_from_TI1,Channel-Input_Capture2_from_TI2,Channel-Input_Capture3_from_TI3,ICPolarity_CH4,Channel-Input_Capture4_from_TI4,ClockDivision,ICPolarity_CH1,ICPolarity_CH2,ICPolarity_CH3
UART5.AutoBaudRateEnableParam=UART_ADVFEATURE_AUTOBAUDRATE_ENABLE
UART5.ClockPrescaler=PRESCALER_DIV6
UART5.IPParameters=AutoBaudRateEnableParam,ClockPrescaler
UART8.ClockPrescaler=PRESCALER_DIV6
UART8.IPParameters=ClockPrescaler
VP_CORDIC_VS_CORDIC.Mode=CORDIC_Activate
VP_CORDIC_VS_CORDIC.Signal=CORDIC_VS_CORDIC
VP_CRC_VS_CRC.Mode=CRC_Activate
VP_CRC_VS_CRC.Signal=CRC_VS_CRC
VP_CRYP_VS_Crypt.Mode=Crypt_Activate
VP_CRYP_VS_Crypt.Signal=CRYP_VS_Crypt
VP_EXTMEM_MANAGER_SIG_Activate_EXTMEM.Mode=Activate_EXTMEM
VP_EXTMEM_MANAGER_SIG_Activate_EXTMEM.Signal=EXTMEM_MANAGER_SIG_Activate_EXTMEM
VP_FREERTOS_VS_CMSIS_V2.Mode=CMSIS_V2
VP_FREERTOS_VS_CMSIS_V2.Signal=FREERTOS_VS_CMSIS_V2
VP_GPDMA1_VS_GPDMACH0.Mode=SIMPLEREQUEST_GPDMACH0
VP_GPDMA1_VS_GPDMACH0.Signal=GPDMA1_VS_GPDMACH0
VP_GPDMA1_VS_GPDMACH1.Mode=SIMPLEREQUEST_GPDMACH1
VP_GPDMA1_VS_GPDMACH1.Signal=GPDMA1_VS_GPDMACH1
VP_GPDMA1_VS_GPDMACH2.Mode=SIMPLEREQUEST_GPDMACH2
VP_GPDMA1_VS_GPDMACH2.Signal=GPDMA1_VS_GPDMACH2
VP_GPDMA1_VS_GPDMACH3.Mode=SIMPLEREQUEST_GPDMACH3
VP_GPDMA1_VS_GPDMACH3.Signal=GPDMA1_VS_GPDMACH3
VP_GPDMA1_VS_GPDMACH4.Mode=SIMPLEREQUEST_GPDMACH4
VP_GPDMA1_VS_GPDMACH4.Signal=GPDMA1_VS_GPDMACH4
VP_GPDMA1_VS_GPDMACH5.Mode=SIMPLEREQUEST_GPDMACH5
VP_GPDMA1_VS_GPDMACH5.Signal=GPDMA1_VS_GPDMACH5
VP_GPDMA1_VS_GPDMACH6.Mode=SIMPLEREQUEST_GPDMACH6
VP_GPDMA1_VS_GPDMACH6.Signal=GPDMA1_VS_GPDMACH6
VP_GPDMA1_VS_GPDMACH7.Mode=SIMPLEREQUEST_GPDMACH7
VP_GPDMA1_VS_GPDMACH7.Signal=GPDMA1_VS_GPDMACH7
VP_HPDMA1_VS_HPDMACH0.Mode=SIMPLEREQUEST_HPDMACH0
VP_HPDMA1_VS_HPDMACH0.Signal=HPDMA1_VS_HPDMACH0
VP_HPDMA1_VS_HPDMACH1.Mode=SIMPLEREQUEST_HPDMACH1
VP_HPDMA1_VS_HPDMACH1.Signal=HPDMA1_VS_HPDMACH1
VP_HPDMA1_VS_HPDMACH2.Mode=SIMPLEREQUEST_HPDMACH2
VP_HPDMA1_VS_HPDMACH2.Signal=HPDMA1_VS_HPDMACH2
VP_HPDMA1_VS_HPDMACH3.Mode=SIMPLEREQUEST_HPDMACH3
VP_HPDMA1_VS_HPDMACH3.Signal=HPDMA1_VS_HPDMACH3
VP_HPDMA1_VS_HPDMACH4.Mode=SIMPLEREQUEST_HPDMACH4
VP_HPDMA1_VS_HPDMACH4.Signal=HPDMA1_VS_HPDMACH4
VP_IWDG_VS_IWDG.Mode=IWDG_Activate
VP_IWDG_VS_IWDG.Signal=IWDG_VS_IWDG
VP_LWIP_VS_Enabled.Mode=Enabled
VP_LWIP_VS_Enabled.Signal=LWIP_VS_Enabled
VP_MCE1_VS_MCE.Mode=MCE_Activate
VP_MCE1_VS_MCE.Signal=MCE1_VS_MCE
VP_MEMORYMAP_VS_MEMORYMAP.Mode=CurAppReg
VP_MEMORYMAP_VS_MEMORYMAP.Signal=MEMORYMAP_VS_MEMORYMAP
VP_NUCLEO-H7S3L8_VS_BSP_COMMON.Mode=COMMON
VP_NUCLEO-H7S3L8_VS_BSP_COMMON.Signal=NUCLEO-H7S3L8_VS_BSP_COMMON
VP_RCC_VS_RMII.Mode=Digital_ClockIn
VP_RCC_VS_RMII.Signal=RCC_VS_RMII
VP_RTC_VS_RTC_Activate.Mode=RTC_Enabled
VP_RTC_VS_RTC_Activate.Signal=RTC_VS_RTC_Activate
VP_RTC_VS_RTC_Calendar.Mode=RTC_Calendar
VP_RTC_VS_RTC_Calendar.Signal=RTC_VS_RTC_Calendar
VP_SBS_VS-SBS.Mode=SBS
VP_SBS_VS-SBS.Signal=SBS_VS-SBS
VP_SYS_VS_tim6.Mode=TIM6
VP_SYS_VS_tim6.Signal=SYS_VS_tim6
VP_TIM14_VS_ClockSourceINT.Mode=Enable_Timer
VP_TIM14_VS_ClockSourceINT.Signal=TIM14_VS_ClockSourceINT
VP_TIM1_VS_ClockSourceINT.Mode=Internal
VP_TIM1_VS_ClockSourceINT.Signal=TIM1_VS_ClockSourceINT
VP_TIM1_VS_ControllerModeReset.Mode=Reset Mode
VP_TIM1_VS_ControllerModeReset.Signal=TIM1_VS_ControllerModeReset
VP_TIM7_VS_ClockSourceINT.Mode=Enable_Timer
VP_TIM7_VS_ClockSourceINT.Signal=TIM7_VS_ClockSourceINT
VP_VREFBUF_OUT.Mode=InternalMode
VP_VREFBUF_OUT.Signal=VREFBUF_OUT
VP_XSPI2_VS_octo.Mode=octo_mode
VP_XSPI2_VS_octo.Signal=XSPI2_VS_octo
XSPI2.ChipSelectHighTimeCycle=2
XSPI2.ClockPrescaler=3
XSPI2.DelayHoldQuarterCycle=HAL_XSPI_DHQC_ENABLE
XSPI2.FifoThresholdByte=4
XSPI2.IPParameters=FifoThresholdByte,MemoryType,MemorySize,ChipSelectHighTimeCycle,DelayHoldQuarterCycle,ClockPrescaler
XSPI2.MemorySize=HAL_XSPI_SIZE_32GB
XSPI2.MemoryType=HAL_XSPI_MEMTYPE_MACRONIX
board=NUCLEO-H7S3L8
boardIOC=true
rtos.0.ip=FREERTOS
